// !$*UTF8*$!
{
	archiveVersion = 1;
	classes = {
	};
	objectVersion = 46;
	objects = {

/* Begin PBXBuildFile section */
		3C0AB8631D2CD0E100D15758 /* パイロンimage.png in Resources */ = {isa = PBXBuildFile; fileRef = 3C0AB8621D2CD0E100D15758 /* パイロンimage.png */; };
		3C0AB8651D2CD68D00D15758 /* nit14-driveButton.png in Resources */ = {isa = PBXBuildFile; fileRef = 3C0AB8641D2CD68D00D15758 /* nit14-driveButton.png */; };
		3C0AB8671D2CD69600D15758 /* nit14-pitButton.png in Resources */ = {isa = PBXBuildFile; fileRef = 3C0AB8661D2CD69600D15758 /* nit14-pitButton.png */; };
		3C0AB8691D2CD75400D15758 /* StartViewController.swift in Sources */ = {isa = PBXBuildFile; fileRef = 3C0AB8681D2CD75400D15758 /* StartViewController.swift */; };
		3CC400C31D325062009EDAA1 /* PitViewController.swift in Sources */ = {isa = PBXBuildFile; fileRef = 3CC400C21D325062009EDAA1 /* PitViewController.swift */; };
		3CF7C8B61CAFA3320013EC10 /* AppDelegate.swift in Sources */ = {isa = PBXBuildFile; fileRef = 3CF7C8B51CAFA3320013EC10 /* AppDelegate.swift */; };
		3CF7C8B81CAFA3320013EC10 /* ViewController.swift in Sources */ = {isa = PBXBuildFile; fileRef = 3CF7C8B71CAFA3320013EC10 /* ViewController.swift */; };
		3CF7C8BB1CAFA3320013EC10 /* Main.storyboard in Resources */ = {isa = PBXBuildFile; fileRef = 3CF7C8B91CAFA3320013EC10 /* Main.storyboard */; };
		3CF7C8BD1CAFA3320013EC10 /* Assets.xcassets in Resources */ = {isa = PBXBuildFile; fileRef = 3CF7C8BC1CAFA3320013EC10 /* Assets.xcassets */; };
		3CF7C8C01CAFA3320013EC10 /* LaunchScreen.storyboard in Resources */ = {isa = PBXBuildFile; fileRef = 3CF7C8BE1CAFA3320013EC10 /* LaunchScreen.storyboard */; };
		3CF7C8CB1CAFA3320013EC10 /* nit_formula14Tests.swift in Sources */ = {isa = PBXBuildFile; fileRef = 3CF7C8CA1CAFA3320013EC10 /* nit_formula14Tests.swift */; };
		3CF7C8D61CAFA3320013EC10 /* nit_formula14UITests.swift in Sources */ = {isa = PBXBuildFile; fileRef = 3CF7C8D51CAFA3320013EC10 /* nit_formula14UITests.swift */; };
		3CF7C8E81CAFA3D20013EC10 /* formula_inst_1.png in Resources */ = {isa = PBXBuildFile; fileRef = 3CF7C8E41CAFA3D20013EC10 /* formula_inst_1.png */; };
		3CF7C8E91CAFA3D20013EC10 /* formula_inst_1greenbar.png in Resources */ = {isa = PBXBuildFile; fileRef = 3CF7C8E51CAFA3D20013EC10 /* formula_inst_1greenbar.png */; };
		3CF7C8EA1CAFA3D20013EC10 /* formula_inst_1redbar.png in Resources */ = {isa = PBXBuildFile; fileRef = 3CF7C8E61CAFA3D20013EC10 /* formula_inst_1redbar.png */; };
		3CF7C8EB1CAFA3D20013EC10 /* formula_inst_1yellowbar.png in Resources */ = {isa = PBXBuildFile; fileRef = 3CF7C8E71CAFA3D20013EC10 /* formula_inst_1yellowbar.png */; };
		3CF7C95B1CAFA5980013EC10 /* DSEG7SEGGCHAN-Regular.ttf in Resources */ = {isa = PBXBuildFile; fileRef = 3CF7C8EE1CAFA5980013EC10 /* DSEG7SEGGCHAN-Regular.ttf */; };
		3CF7C95C1CAFA5980013EC10 /* DSEG7SEGGCHAN-Regular.woff in Resources */ = {isa = PBXBuildFile; fileRef = 3CF7C8EF1CAFA5980013EC10 /* DSEG7SEGGCHAN-Regular.woff */; };
		3CF7C95D1CAFA5980013EC10 /* DSEG7SEGGCHANMINI-Regular.ttf in Resources */ = {isa = PBXBuildFile; fileRef = 3CF7C8F01CAFA5980013EC10 /* DSEG7SEGGCHANMINI-Regular.ttf */; };
		3CF7C95E1CAFA5980013EC10 /* DSEG7SEGGCHANMINI-Regular.woff in Resources */ = {isa = PBXBuildFile; fileRef = 3CF7C8F11CAFA5980013EC10 /* DSEG7SEGGCHANMINI-Regular.woff */; };
		3CF7C95F1CAFA5980013EC10 /* DSEG7Classic-Bold.ttf in Resources */ = {isa = PBXBuildFile; fileRef = 3CF7C8F31CAFA5980013EC10 /* DSEG7Classic-Bold.ttf */; };
		3CF7C9601CAFA5980013EC10 /* DSEG7Classic-Bold.woff in Resources */ = {isa = PBXBuildFile; fileRef = 3CF7C8F41CAFA5980013EC10 /* DSEG7Classic-Bold.woff */; };
		3CF7C9611CAFA5980013EC10 /* DSEG7Classic-BoldItalic.ttf in Resources */ = {isa = PBXBuildFile; fileRef = 3CF7C8F51CAFA5980013EC10 /* DSEG7Classic-BoldItalic.ttf */; };
		3CF7C9621CAFA5980013EC10 /* DSEG7Classic-BoldItalic.woff in Resources */ = {isa = PBXBuildFile; fileRef = 3CF7C8F61CAFA5980013EC10 /* DSEG7Classic-BoldItalic.woff */; };
		3CF7C9631CAFA5980013EC10 /* DSEG7Classic-Italic.ttf in Resources */ = {isa = PBXBuildFile; fileRef = 3CF7C8F71CAFA5980013EC10 /* DSEG7Classic-Italic.ttf */; };
		3CF7C9641CAFA5980013EC10 /* DSEG7Classic-Italic.woff in Resources */ = {isa = PBXBuildFile; fileRef = 3CF7C8F81CAFA5980013EC10 /* DSEG7Classic-Italic.woff */; };
		3CF7C9651CAFA5980013EC10 /* DSEG7Classic-Light.ttf in Resources */ = {isa = PBXBuildFile; fileRef = 3CF7C8F91CAFA5980013EC10 /* DSEG7Classic-Light.ttf */; };
		3CF7C9661CAFA5980013EC10 /* DSEG7Classic-Light.woff in Resources */ = {isa = PBXBuildFile; fileRef = 3CF7C8FA1CAFA5980013EC10 /* DSEG7Classic-Light.woff */; };
		3CF7C9671CAFA5980013EC10 /* DSEG7Classic-LightItalic.ttf in Resources */ = {isa = PBXBuildFile; fileRef = 3CF7C8FB1CAFA5980013EC10 /* DSEG7Classic-LightItalic.ttf */; };
		3CF7C9681CAFA5980013EC10 /* DSEG7Classic-LightItalic.woff in Resources */ = {isa = PBXBuildFile; fileRef = 3CF7C8FC1CAFA5980013EC10 /* DSEG7Classic-LightItalic.woff */; };
		3CF7C9691CAFA5980013EC10 /* DSEG7Classic-Regular.ttf in Resources */ = {isa = PBXBuildFile; fileRef = 3CF7C8FD1CAFA5980013EC10 /* DSEG7Classic-Regular.ttf */; };
		3CF7C96A1CAFA5980013EC10 /* DSEG7Classic-Regular.woff in Resources */ = {isa = PBXBuildFile; fileRef = 3CF7C8FE1CAFA5980013EC10 /* DSEG7Classic-Regular.woff */; };
		3CF7C96B1CAFA5980013EC10 /* DSEG7ClassicMini-Bold.ttf in Resources */ = {isa = PBXBuildFile; fileRef = 3CF7C9001CAFA5980013EC10 /* DSEG7ClassicMini-Bold.ttf */; };
		3CF7C96C1CAFA5980013EC10 /* DSEG7ClassicMini-Bold.woff in Resources */ = {isa = PBXBuildFile; fileRef = 3CF7C9011CAFA5980013EC10 /* DSEG7ClassicMini-Bold.woff */; };
		3CF7C96D1CAFA5980013EC10 /* DSEG7ClassicMini-BoldItalic.ttf in Resources */ = {isa = PBXBuildFile; fileRef = 3CF7C9021CAFA5980013EC10 /* DSEG7ClassicMini-BoldItalic.ttf */; };
		3CF7C96E1CAFA5980013EC10 /* DSEG7ClassicMini-BoldItalic.woff in Resources */ = {isa = PBXBuildFile; fileRef = 3CF7C9031CAFA5980013EC10 /* DSEG7ClassicMini-BoldItalic.woff */; };
		3CF7C96F1CAFA5980013EC10 /* DSEG7ClassicMini-Italic.ttf in Resources */ = {isa = PBXBuildFile; fileRef = 3CF7C9041CAFA5980013EC10 /* DSEG7ClassicMini-Italic.ttf */; };
		3CF7C9701CAFA5980013EC10 /* DSEG7ClassicMini-Italic.woff in Resources */ = {isa = PBXBuildFile; fileRef = 3CF7C9051CAFA5980013EC10 /* DSEG7ClassicMini-Italic.woff */; };
		3CF7C9711CAFA5980013EC10 /* DSEG7ClassicMini-Light.ttf in Resources */ = {isa = PBXBuildFile; fileRef = 3CF7C9061CAFA5980013EC10 /* DSEG7ClassicMini-Light.ttf */; };
		3CF7C9721CAFA5980013EC10 /* DSEG7ClassicMini-Light.woff in Resources */ = {isa = PBXBuildFile; fileRef = 3CF7C9071CAFA5980013EC10 /* DSEG7ClassicMini-Light.woff */; };
		3CF7C9731CAFA5980013EC10 /* DSEG7ClassicMini-LightItalic.ttf in Resources */ = {isa = PBXBuildFile; fileRef = 3CF7C9081CAFA5980013EC10 /* DSEG7ClassicMini-LightItalic.ttf */; };
		3CF7C9741CAFA5980013EC10 /* DSEG7ClassicMini-LightItalic.woff in Resources */ = {isa = PBXBuildFile; fileRef = 3CF7C9091CAFA5980013EC10 /* DSEG7ClassicMini-LightItalic.woff */; };
		3CF7C9751CAFA5980013EC10 /* DSEG7ClassicMini-Regular.ttf in Resources */ = {isa = PBXBuildFile; fileRef = 3CF7C90A1CAFA5980013EC10 /* DSEG7ClassicMini-Regular.ttf */; };
		3CF7C9761CAFA5980013EC10 /* DSEG7ClassicMini-Regular.woff in Resources */ = {isa = PBXBuildFile; fileRef = 3CF7C90B1CAFA5980013EC10 /* DSEG7ClassicMini-Regular.woff */; };
		3CF7C9771CAFA5980013EC10 /* DSEG7Modern-Bold.ttf in Resources */ = {isa = PBXBuildFile; fileRef = 3CF7C90D1CAFA5980013EC10 /* DSEG7Modern-Bold.ttf */; };
		3CF7C9781CAFA5980013EC10 /* DSEG7Modern-Bold.woff in Resources */ = {isa = PBXBuildFile; fileRef = 3CF7C90E1CAFA5980013EC10 /* DSEG7Modern-Bold.woff */; };
		3CF7C9791CAFA5980013EC10 /* DSEG7Modern-BoldItalic.ttf in Resources */ = {isa = PBXBuildFile; fileRef = 3CF7C90F1CAFA5980013EC10 /* DSEG7Modern-BoldItalic.ttf */; };
		3CF7C97A1CAFA5980013EC10 /* DSEG7Modern-BoldItalic.woff in Resources */ = {isa = PBXBuildFile; fileRef = 3CF7C9101CAFA5980013EC10 /* DSEG7Modern-BoldItalic.woff */; };
		3CF7C97B1CAFA5980013EC10 /* DSEG7Modern-Italic.ttf in Resources */ = {isa = PBXBuildFile; fileRef = 3CF7C9111CAFA5980013EC10 /* DSEG7Modern-Italic.ttf */; };
		3CF7C97C1CAFA5980013EC10 /* DSEG7Modern-Italic.woff in Resources */ = {isa = PBXBuildFile; fileRef = 3CF7C9121CAFA5980013EC10 /* DSEG7Modern-Italic.woff */; };
		3CF7C97D1CAFA5980013EC10 /* DSEG7Modern-Light.ttf in Resources */ = {isa = PBXBuildFile; fileRef = 3CF7C9131CAFA5980013EC10 /* DSEG7Modern-Light.ttf */; };
		3CF7C97E1CAFA5980013EC10 /* DSEG7Modern-Light.woff in Resources */ = {isa = PBXBuildFile; fileRef = 3CF7C9141CAFA5980013EC10 /* DSEG7Modern-Light.woff */; };
		3CF7C97F1CAFA5980013EC10 /* DSEG7Modern-LightItalic.ttf in Resources */ = {isa = PBXBuildFile; fileRef = 3CF7C9151CAFA5980013EC10 /* DSEG7Modern-LightItalic.ttf */; };
		3CF7C9801CAFA5980013EC10 /* DSEG7Modern-LightItalic.woff in Resources */ = {isa = PBXBuildFile; fileRef = 3CF7C9161CAFA5980013EC10 /* DSEG7Modern-LightItalic.woff */; };
		3CF7C9811CAFA5980013EC10 /* DSEG7Modern-Regular.ttf in Resources */ = {isa = PBXBuildFile; fileRef = 3CF7C9171CAFA5980013EC10 /* DSEG7Modern-Regular.ttf */; };
		3CF7C9821CAFA5980013EC10 /* DSEG7Modern-Regular.woff in Resources */ = {isa = PBXBuildFile; fileRef = 3CF7C9181CAFA5980013EC10 /* DSEG7Modern-Regular.woff */; };
		3CF7C9831CAFA5980013EC10 /* DSEG7ModernMini-Bold.ttf in Resources */ = {isa = PBXBuildFile; fileRef = 3CF7C91A1CAFA5980013EC10 /* DSEG7ModernMini-Bold.ttf */; };
		3CF7C9841CAFA5980013EC10 /* DSEG7ModernMini-Bold.woff in Resources */ = {isa = PBXBuildFile; fileRef = 3CF7C91B1CAFA5980013EC10 /* DSEG7ModernMini-Bold.woff */; };
		3CF7C9851CAFA5980013EC10 /* DSEG7ModernMini-BoldItalic.ttf in Resources */ = {isa = PBXBuildFile; fileRef = 3CF7C91C1CAFA5980013EC10 /* DSEG7ModernMini-BoldItalic.ttf */; };
		3CF7C9861CAFA5980013EC10 /* DSEG7ModernMini-BoldItalic.woff in Resources */ = {isa = PBXBuildFile; fileRef = 3CF7C91D1CAFA5980013EC10 /* DSEG7ModernMini-BoldItalic.woff */; };
		3CF7C9871CAFA5980013EC10 /* DSEG7ModernMini-Italic.ttf in Resources */ = {isa = PBXBuildFile; fileRef = 3CF7C91E1CAFA5980013EC10 /* DSEG7ModernMini-Italic.ttf */; };
		3CF7C9881CAFA5980013EC10 /* DSEG7ModernMini-Italic.woff in Resources */ = {isa = PBXBuildFile; fileRef = 3CF7C91F1CAFA5980013EC10 /* DSEG7ModernMini-Italic.woff */; };
		3CF7C9891CAFA5980013EC10 /* DSEG7ModernMini-Light.ttf in Resources */ = {isa = PBXBuildFile; fileRef = 3CF7C9201CAFA5980013EC10 /* DSEG7ModernMini-Light.ttf */; };
		3CF7C98A1CAFA5980013EC10 /* DSEG7ModernMini-Light.woff in Resources */ = {isa = PBXBuildFile; fileRef = 3CF7C9211CAFA5980013EC10 /* DSEG7ModernMini-Light.woff */; };
		3CF7C98B1CAFA5980013EC10 /* DSEG7ModernMini-LightItalic.ttf in Resources */ = {isa = PBXBuildFile; fileRef = 3CF7C9221CAFA5980013EC10 /* DSEG7ModernMini-LightItalic.ttf */; };
		3CF7C98C1CAFA5980013EC10 /* DSEG7ModernMini-LightItalic.woff in Resources */ = {isa = PBXBuildFile; fileRef = 3CF7C9231CAFA5980013EC10 /* DSEG7ModernMini-LightItalic.woff */; };
		3CF7C98D1CAFA5980013EC10 /* DSEG7ModernMini-Regular.ttf in Resources */ = {isa = PBXBuildFile; fileRef = 3CF7C9241CAFA5980013EC10 /* DSEG7ModernMini-Regular.ttf */; };
		3CF7C98E1CAFA5980013EC10 /* DSEG7ModernMini-Regular.woff in Resources */ = {isa = PBXBuildFile; fileRef = 3CF7C9251CAFA5980013EC10 /* DSEG7ModernMini-Regular.woff */; };
		3CF7C98F1CAFA5980013EC10 /* DSEG14Classic-Bold.ttf in Resources */ = {isa = PBXBuildFile; fileRef = 3CF7C9281CAFA5980013EC10 /* DSEG14Classic-Bold.ttf */; };
		3CF7C9901CAFA5980013EC10 /* DSEG14Classic-Bold.woff in Resources */ = {isa = PBXBuildFile; fileRef = 3CF7C9291CAFA5980013EC10 /* DSEG14Classic-Bold.woff */; };
		3CF7C9911CAFA5980013EC10 /* DSEG14Classic-BoldItalic.ttf in Resources */ = {isa = PBXBuildFile; fileRef = 3CF7C92A1CAFA5980013EC10 /* DSEG14Classic-BoldItalic.ttf */; };
		3CF7C9921CAFA5980013EC10 /* DSEG14Classic-BoldItalic.woff in Resources */ = {isa = PBXBuildFile; fileRef = 3CF7C92B1CAFA5980013EC10 /* DSEG14Classic-BoldItalic.woff */; };
		3CF7C9931CAFA5980013EC10 /* DSEG14Classic-Italic.ttf in Resources */ = {isa = PBXBuildFile; fileRef = 3CF7C92C1CAFA5980013EC10 /* DSEG14Classic-Italic.ttf */; };
		3CF7C9941CAFA5980013EC10 /* DSEG14Classic-Italic.woff in Resources */ = {isa = PBXBuildFile; fileRef = 3CF7C92D1CAFA5980013EC10 /* DSEG14Classic-Italic.woff */; };
		3CF7C9951CAFA5980013EC10 /* DSEG14Classic-Light.ttf in Resources */ = {isa = PBXBuildFile; fileRef = 3CF7C92E1CAFA5980013EC10 /* DSEG14Classic-Light.ttf */; };
		3CF7C9961CAFA5980013EC10 /* DSEG14Classic-Light.woff in Resources */ = {isa = PBXBuildFile; fileRef = 3CF7C92F1CAFA5980013EC10 /* DSEG14Classic-Light.woff */; };
		3CF7C9971CAFA5980013EC10 /* DSEG14Classic-LightItalic.ttf in Resources */ = {isa = PBXBuildFile; fileRef = 3CF7C9301CAFA5980013EC10 /* DSEG14Classic-LightItalic.ttf */; };
		3CF7C9981CAFA5980013EC10 /* DSEG14Classic-LightItalic.woff in Resources */ = {isa = PBXBuildFile; fileRef = 3CF7C9311CAFA5980013EC10 /* DSEG14Classic-LightItalic.woff */; };
		3CF7C9991CAFA5980013EC10 /* DSEG14Classic-Regular.ttf in Resources */ = {isa = PBXBuildFile; fileRef = 3CF7C9321CAFA5980013EC10 /* DSEG14Classic-Regular.ttf */; };
		3CF7C99A1CAFA5980013EC10 /* DSEG14Classic-Regular.woff in Resources */ = {isa = PBXBuildFile; fileRef = 3CF7C9331CAFA5980013EC10 /* DSEG14Classic-Regular.woff */; };
		3CF7C99B1CAFA5980013EC10 /* DSEG14ClassicMini-Bold.ttf in Resources */ = {isa = PBXBuildFile; fileRef = 3CF7C9351CAFA5980013EC10 /* DSEG14ClassicMini-Bold.ttf */; };
		3CF7C99C1CAFA5980013EC10 /* DSEG14ClassicMini-Bold.woff in Resources */ = {isa = PBXBuildFile; fileRef = 3CF7C9361CAFA5980013EC10 /* DSEG14ClassicMini-Bold.woff */; };
		3CF7C99D1CAFA5980013EC10 /* DSEG14ClassicMini-BoldItalic.ttf in Resources */ = {isa = PBXBuildFile; fileRef = 3CF7C9371CAFA5980013EC10 /* DSEG14ClassicMini-BoldItalic.ttf */; };
		3CF7C99E1CAFA5980013EC10 /* DSEG14ClassicMini-BoldItalic.woff in Resources */ = {isa = PBXBuildFile; fileRef = 3CF7C9381CAFA5980013EC10 /* DSEG14ClassicMini-BoldItalic.woff */; };
		3CF7C99F1CAFA5980013EC10 /* DSEG14ClassicMini-Italic.ttf in Resources */ = {isa = PBXBuildFile; fileRef = 3CF7C9391CAFA5980013EC10 /* DSEG14ClassicMini-Italic.ttf */; };
		3CF7C9A01CAFA5980013EC10 /* DSEG14ClassicMini-Italic.woff in Resources */ = {isa = PBXBuildFile; fileRef = 3CF7C93A1CAFA5980013EC10 /* DSEG14ClassicMini-Italic.woff */; };
		3CF7C9A11CAFA5980013EC10 /* DSEG14ClassicMini-Light.ttf in Resources */ = {isa = PBXBuildFile; fileRef = 3CF7C93B1CAFA5980013EC10 /* DSEG14ClassicMini-Light.ttf */; };
		3CF7C9A21CAFA5980013EC10 /* DSEG14ClassicMini-Light.woff in Resources */ = {isa = PBXBuildFile; fileRef = 3CF7C93C1CAFA5980013EC10 /* DSEG14ClassicMini-Light.woff */; };
		3CF7C9A31CAFA5980013EC10 /* DSEG14ClassicMini-LightItalic.ttf in Resources */ = {isa = PBXBuildFile; fileRef = 3CF7C93D1CAFA5980013EC10 /* DSEG14ClassicMini-LightItalic.ttf */; };
		3CF7C9A41CAFA5980013EC10 /* DSEG14ClassicMini-LightItalic.woff in Resources */ = {isa = PBXBuildFile; fileRef = 3CF7C93E1CAFA5980013EC10 /* DSEG14ClassicMini-LightItalic.woff */; };
		3CF7C9A51CAFA5980013EC10 /* DSEG14ClassicMini-Regular.ttf in Resources */ = {isa = PBXBuildFile; fileRef = 3CF7C93F1CAFA5980013EC10 /* DSEG14ClassicMini-Regular.ttf */; };
		3CF7C9A61CAFA5980013EC10 /* DSEG14ClassicMini-Regular.woff in Resources */ = {isa = PBXBuildFile; fileRef = 3CF7C9401CAFA5980013EC10 /* DSEG14ClassicMini-Regular.woff */; };
		3CF7C9A71CAFA5980013EC10 /* DSEG14Modern-Bold.ttf in Resources */ = {isa = PBXBuildFile; fileRef = 3CF7C9421CAFA5980013EC10 /* DSEG14Modern-Bold.ttf */; };
		3CF7C9A81CAFA5980013EC10 /* DSEG14Modern-Bold.woff in Resources */ = {isa = PBXBuildFile; fileRef = 3CF7C9431CAFA5980013EC10 /* DSEG14Modern-Bold.woff */; };
		3CF7C9A91CAFA5980013EC10 /* DSEG14Modern-BoldItalic.ttf in Resources */ = {isa = PBXBuildFile; fileRef = 3CF7C9441CAFA5980013EC10 /* DSEG14Modern-BoldItalic.ttf */; };
		3CF7C9AA1CAFA5980013EC10 /* DSEG14Modern-BoldItalic.woff in Resources */ = {isa = PBXBuildFile; fileRef = 3CF7C9451CAFA5980013EC10 /* DSEG14Modern-BoldItalic.woff */; };
		3CF7C9AB1CAFA5980013EC10 /* DSEG14Modern-Italic.ttf in Resources */ = {isa = PBXBuildFile; fileRef = 3CF7C9461CAFA5980013EC10 /* DSEG14Modern-Italic.ttf */; };
		3CF7C9AC1CAFA5980013EC10 /* DSEG14Modern-Italic.woff in Resources */ = {isa = PBXBuildFile; fileRef = 3CF7C9471CAFA5980013EC10 /* DSEG14Modern-Italic.woff */; };
		3CF7C9AD1CAFA5980013EC10 /* DSEG14Modern-Light.ttf in Resources */ = {isa = PBXBuildFile; fileRef = 3CF7C9481CAFA5980013EC10 /* DSEG14Modern-Light.ttf */; };
		3CF7C9AE1CAFA5980013EC10 /* DSEG14Modern-Light.woff in Resources */ = {isa = PBXBuildFile; fileRef = 3CF7C9491CAFA5980013EC10 /* DSEG14Modern-Light.woff */; };
		3CF7C9AF1CAFA5980013EC10 /* DSEG14Modern-LightItalic.ttf in Resources */ = {isa = PBXBuildFile; fileRef = 3CF7C94A1CAFA5980013EC10 /* DSEG14Modern-LightItalic.ttf */; };
		3CF7C9B01CAFA5980013EC10 /* DSEG14Modern-LightItalic.woff in Resources */ = {isa = PBXBuildFile; fileRef = 3CF7C94B1CAFA5980013EC10 /* DSEG14Modern-LightItalic.woff */; };
		3CF7C9B11CAFA5980013EC10 /* DSEG14Modern-Regular.ttf in Resources */ = {isa = PBXBuildFile; fileRef = 3CF7C94C1CAFA5980013EC10 /* DSEG14Modern-Regular.ttf */; };
		3CF7C9B21CAFA5980013EC10 /* DSEG14Modern-Regular.woff in Resources */ = {isa = PBXBuildFile; fileRef = 3CF7C94D1CAFA5980013EC10 /* DSEG14Modern-Regular.woff */; };
		3CF7C9B31CAFA5980013EC10 /* DSEG14ModernMini-Bold.ttf in Resources */ = {isa = PBXBuildFile; fileRef = 3CF7C94F1CAFA5980013EC10 /* DSEG14ModernMini-Bold.ttf */; };
		3CF7C9B41CAFA5980013EC10 /* DSEG14ModernMini-Bold.woff in Resources */ = {isa = PBXBuildFile; fileRef = 3CF7C9501CAFA5980013EC10 /* DSEG14ModernMini-Bold.woff */; };
		3CF7C9B51CAFA5980013EC10 /* DSEG14ModernMini-BoldItalic.ttf in Resources */ = {isa = PBXBuildFile; fileRef = 3CF7C9511CAFA5980013EC10 /* DSEG14ModernMini-BoldItalic.ttf */; };
		3CF7C9B61CAFA5980013EC10 /* DSEG14ModernMini-BoldItalic.woff in Resources */ = {isa = PBXBuildFile; fileRef = 3CF7C9521CAFA5980013EC10 /* DSEG14ModernMini-BoldItalic.woff */; };
		3CF7C9B71CAFA5980013EC10 /* DSEG14ModernMini-Italic.ttf in Resources */ = {isa = PBXBuildFile; fileRef = 3CF7C9531CAFA5980013EC10 /* DSEG14ModernMini-Italic.ttf */; };
		3CF7C9B81CAFA5980013EC10 /* DSEG14ModernMini-Italic.woff in Resources */ = {isa = PBXBuildFile; fileRef = 3CF7C9541CAFA5980013EC10 /* DSEG14ModernMini-Italic.woff */; };
		3CF7C9B91CAFA5980013EC10 /* DSEG14ModernMini-Light.ttf in Resources */ = {isa = PBXBuildFile; fileRef = 3CF7C9551CAFA5980013EC10 /* DSEG14ModernMini-Light.ttf */; };
		3CF7C9BA1CAFA5980013EC10 /* DSEG14ModernMini-Light.woff in Resources */ = {isa = PBXBuildFile; fileRef = 3CF7C9561CAFA5980013EC10 /* DSEG14ModernMini-Light.woff */; };
		3CF7C9BB1CAFA5980013EC10 /* DSEG14ModernMini-LightItalic.ttf in Resources */ = {isa = PBXBuildFile; fileRef = 3CF7C9571CAFA5980013EC10 /* DSEG14ModernMini-LightItalic.ttf */; };
		3CF7C9BC1CAFA5980013EC10 /* DSEG14ModernMini-LightItalic.woff in Resources */ = {isa = PBXBuildFile; fileRef = 3CF7C9581CAFA5980013EC10 /* DSEG14ModernMini-LightItalic.woff */; };
		3CF7C9BD1CAFA5980013EC10 /* DSEG14ModernMini-Regular.ttf in Resources */ = {isa = PBXBuildFile; fileRef = 3CF7C9591CAFA5980013EC10 /* DSEG14ModernMini-Regular.ttf */; };
		3CF7C9BE1CAFA5980013EC10 /* DSEG14ModernMini-Regular.woff in Resources */ = {isa = PBXBuildFile; fileRef = 3CF7C95A1CAFA5980013EC10 /* DSEG14ModernMini-Regular.woff */; };
		3CF7C9C11CAFACBC0013EC10 /* iPhone5_baseA.png in Resources */ = {isa = PBXBuildFile; fileRef = 3CF7C9BF1CAFACBC0013EC10 /* iPhone5_baseA.png */; };
		3CF7C9C21CAFACBC0013EC10 /* iPhone5_baseB.png in Resources */ = {isa = PBXBuildFile; fileRef = 3CF7C9C01CAFACBC0013EC10 /* iPhone5_baseB.png */; };
		3CF7CA021CB641210013EC10 /* CoreBluetooth.framework in Frameworks */ = {isa = PBXBuildFile; fileRef = 3CF7CA011CB641210013EC10 /* CoreBluetooth.framework */; };
		3CF7CA071CB64BD40013EC10 /* Default-568h@2x.png in Resources */ = {isa = PBXBuildFile; fileRef = 3CF7CA041CB64BD40013EC10 /* Default-568h@2x.png */; };
		3CF7CA081CB64BD40013EC10 /* Default-667h@2x.png in Resources */ = {isa = PBXBuildFile; fileRef = 3CF7CA051CB64BD40013EC10 /* Default-667h@2x.png */; };
		3CF7CA091CB64BD40013EC10 /* Default-736h@3x.png in Resources */ = {isa = PBXBuildFile; fileRef = 3CF7CA061CB64BD40013EC10 /* Default-736h@3x.png */; };
		5D6BA5DCB6DEC682CDBC9D3B /* libPods-nit-formula14.a in Frameworks */ = {isa = PBXBuildFile; fileRef = 214C6C38148DC2848864B0BC /* libPods-nit-formula14.a */; };
/* End PBXBuildFile section */

/* Begin PBXContainerItemProxy section */
		3CF7C8C71CAFA3320013EC10 /* PBXContainerItemProxy */ = {
			isa = PBXContainerItemProxy;
			containerPortal = 3CF7C8AA1CAFA3320013EC10 /* Project object */;
			proxyType = 1;
			remoteGlobalIDString = 3CF7C8B11CAFA3320013EC10;
			remoteInfo = "nit-formula14";
		};
		3CF7C8D21CAFA3320013EC10 /* PBXContainerItemProxy */ = {
			isa = PBXContainerItemProxy;
			containerPortal = 3CF7C8AA1CAFA3320013EC10 /* Project object */;
			proxyType = 1;
			remoteGlobalIDString = 3CF7C8B11CAFA3320013EC10;
			remoteInfo = "nit-formula14";
		};
/* End PBXContainerItemProxy section */

/* Begin PBXFileReference section */
		11E1ADBB874223651D451515 /* Pods-nit-formula14.debug.xcconfig */ = {isa = PBXFileReference; includeInIndex = 1; lastKnownFileType = text.xcconfig; name = "Pods-nit-formula14.debug.xcconfig"; path = "Pods/Target Support Files/Pods-nit-formula14/Pods-nit-formula14.debug.xcconfig"; sourceTree = "<group>"; };
		214C6C38148DC2848864B0BC /* libPods-nit-formula14.a */ = {isa = PBXFileReference; explicitFileType = archive.ar; includeInIndex = 0; path = "libPods-nit-formula14.a"; sourceTree = BUILT_PRODUCTS_DIR; };
		3C0AB8621D2CD0E100D15758 /* パイロンimage.png */ = {isa = PBXFileReference; lastKnownFileType = image.png; path = "パイロンimage.png"; sourceTree = "<group>"; };
		3C0AB8641D2CD68D00D15758 /* nit14-driveButton.png */ = {isa = PBXFileReference; lastKnownFileType = image.png; path = "nit14-driveButton.png"; sourceTree = "<group>"; };
		3C0AB8661D2CD69600D15758 /* nit14-pitButton.png */ = {isa = PBXFileReference; lastKnownFileType = image.png; name = "nit14-pitButton.png"; path = "../../../formula/N.I.T 14/計器用画像など/nit14-pitButton.png"; sourceTree = "<group>"; };
		3C0AB8681D2CD75400D15758 /* StartViewController.swift */ = {isa = PBXFileReference; fileEncoding = 4; lastKnownFileType = sourcecode.swift; path = StartViewController.swift; sourceTree = "<group>"; };
		3CC400C21D325062009EDAA1 /* PitViewController.swift */ = {isa = PBXFileReference; fileEncoding = 4; lastKnownFileType = sourcecode.swift; path = PitViewController.swift; sourceTree = "<group>"; };
		3CF7C8B21CAFA3320013EC10 /* nit-formula14.app */ = {isa = PBXFileReference; explicitFileType = wrapper.application; includeInIndex = 0; path = "nit-formula14.app"; sourceTree = BUILT_PRODUCTS_DIR; };
		3CF7C8B51CAFA3320013EC10 /* AppDelegate.swift */ = {isa = PBXFileReference; lastKnownFileType = sourcecode.swift; path = AppDelegate.swift; sourceTree = "<group>"; };
		3CF7C8B71CAFA3320013EC10 /* ViewController.swift */ = {isa = PBXFileReference; lastKnownFileType = sourcecode.swift; path = ViewController.swift; sourceTree = "<group>"; };
		3CF7C8BA1CAFA3320013EC10 /* Base */ = {isa = PBXFileReference; lastKnownFileType = file.storyboard; name = Base; path = Base.lproj/Main.storyboard; sourceTree = "<group>"; };
		3CF7C8BC1CAFA3320013EC10 /* Assets.xcassets */ = {isa = PBXFileReference; lastKnownFileType = folder.assetcatalog; path = Assets.xcassets; sourceTree = "<group>"; };
		3CF7C8BF1CAFA3320013EC10 /* Base */ = {isa = PBXFileReference; lastKnownFileType = file.storyboard; name = Base; path = Base.lproj/LaunchScreen.storyboard; sourceTree = "<group>"; };
		3CF7C8C11CAFA3320013EC10 /* Info.plist */ = {isa = PBXFileReference; lastKnownFileType = text.plist.xml; path = Info.plist; sourceTree = "<group>"; };
		3CF7C8C61CAFA3320013EC10 /* nit-formula14Tests.xctest */ = {isa = PBXFileReference; explicitFileType = wrapper.cfbundle; includeInIndex = 0; path = "nit-formula14Tests.xctest"; sourceTree = BUILT_PRODUCTS_DIR; };
		3CF7C8CA1CAFA3320013EC10 /* nit_formula14Tests.swift */ = {isa = PBXFileReference; lastKnownFileType = sourcecode.swift; path = nit_formula14Tests.swift; sourceTree = "<group>"; };
		3CF7C8CC1CAFA3320013EC10 /* Info.plist */ = {isa = PBXFileReference; lastKnownFileType = text.plist.xml; path = Info.plist; sourceTree = "<group>"; };
		3CF7C8D11CAFA3320013EC10 /* nit-formula14UITests.xctest */ = {isa = PBXFileReference; explicitFileType = wrapper.cfbundle; includeInIndex = 0; path = "nit-formula14UITests.xctest"; sourceTree = BUILT_PRODUCTS_DIR; };
		3CF7C8D51CAFA3320013EC10 /* nit_formula14UITests.swift */ = {isa = PBXFileReference; lastKnownFileType = sourcecode.swift; path = nit_formula14UITests.swift; sourceTree = "<group>"; };
		3CF7C8D71CAFA3320013EC10 /* Info.plist */ = {isa = PBXFileReference; lastKnownFileType = text.plist.xml; path = Info.plist; sourceTree = "<group>"; };
		3CF7C8E41CAFA3D20013EC10 /* formula_inst_1.png */ = {isa = PBXFileReference; lastKnownFileType = image.png; path = formula_inst_1.png; sourceTree = "<group>"; };
		3CF7C8E51CAFA3D20013EC10 /* formula_inst_1greenbar.png */ = {isa = PBXFileReference; lastKnownFileType = image.png; path = formula_inst_1greenbar.png; sourceTree = "<group>"; };
		3CF7C8E61CAFA3D20013EC10 /* formula_inst_1redbar.png */ = {isa = PBXFileReference; lastKnownFileType = image.png; path = formula_inst_1redbar.png; sourceTree = "<group>"; };
		3CF7C8E71CAFA3D20013EC10 /* formula_inst_1yellowbar.png */ = {isa = PBXFileReference; lastKnownFileType = image.png; path = formula_inst_1yellowbar.png; sourceTree = "<group>"; };
		3CF7C8EE1CAFA5980013EC10 /* DSEG7SEGGCHAN-Regular.ttf */ = {isa = PBXFileReference; lastKnownFileType = file; path = "DSEG7SEGGCHAN-Regular.ttf"; sourceTree = "<group>"; };
		3CF7C8EF1CAFA5980013EC10 /* DSEG7SEGGCHAN-Regular.woff */ = {isa = PBXFileReference; lastKnownFileType = file; path = "DSEG7SEGGCHAN-Regular.woff"; sourceTree = "<group>"; };
		3CF7C8F01CAFA5980013EC10 /* DSEG7SEGGCHANMINI-Regular.ttf */ = {isa = PBXFileReference; lastKnownFileType = file; path = "DSEG7SEGGCHANMINI-Regular.ttf"; sourceTree = "<group>"; };
		3CF7C8F11CAFA5980013EC10 /* DSEG7SEGGCHANMINI-Regular.woff */ = {isa = PBXFileReference; lastKnownFileType = file; path = "DSEG7SEGGCHANMINI-Regular.woff"; sourceTree = "<group>"; };
		3CF7C8F31CAFA5980013EC10 /* DSEG7Classic-Bold.ttf */ = {isa = PBXFileReference; lastKnownFileType = file; path = "DSEG7Classic-Bold.ttf"; sourceTree = "<group>"; };
		3CF7C8F41CAFA5980013EC10 /* DSEG7Classic-Bold.woff */ = {isa = PBXFileReference; lastKnownFileType = file; path = "DSEG7Classic-Bold.woff"; sourceTree = "<group>"; };
		3CF7C8F51CAFA5980013EC10 /* DSEG7Classic-BoldItalic.ttf */ = {isa = PBXFileReference; lastKnownFileType = file; path = "DSEG7Classic-BoldItalic.ttf"; sourceTree = "<group>"; };
		3CF7C8F61CAFA5980013EC10 /* DSEG7Classic-BoldItalic.woff */ = {isa = PBXFileReference; lastKnownFileType = file; path = "DSEG7Classic-BoldItalic.woff"; sourceTree = "<group>"; };
		3CF7C8F71CAFA5980013EC10 /* DSEG7Classic-Italic.ttf */ = {isa = PBXFileReference; lastKnownFileType = file; path = "DSEG7Classic-Italic.ttf"; sourceTree = "<group>"; };
		3CF7C8F81CAFA5980013EC10 /* DSEG7Classic-Italic.woff */ = {isa = PBXFileReference; lastKnownFileType = file; path = "DSEG7Classic-Italic.woff"; sourceTree = "<group>"; };
		3CF7C8F91CAFA5980013EC10 /* DSEG7Classic-Light.ttf */ = {isa = PBXFileReference; lastKnownFileType = file; path = "DSEG7Classic-Light.ttf"; sourceTree = "<group>"; };
		3CF7C8FA1CAFA5980013EC10 /* DSEG7Classic-Light.woff */ = {isa = PBXFileReference; lastKnownFileType = file; path = "DSEG7Classic-Light.woff"; sourceTree = "<group>"; };
		3CF7C8FB1CAFA5980013EC10 /* DSEG7Classic-LightItalic.ttf */ = {isa = PBXFileReference; lastKnownFileType = file; path = "DSEG7Classic-LightItalic.ttf"; sourceTree = "<group>"; };
		3CF7C8FC1CAFA5980013EC10 /* DSEG7Classic-LightItalic.woff */ = {isa = PBXFileReference; lastKnownFileType = file; path = "DSEG7Classic-LightItalic.woff"; sourceTree = "<group>"; };
		3CF7C8FD1CAFA5980013EC10 /* DSEG7Classic-Regular.ttf */ = {isa = PBXFileReference; lastKnownFileType = file; path = "DSEG7Classic-Regular.ttf"; sourceTree = "<group>"; };
		3CF7C8FE1CAFA5980013EC10 /* DSEG7Classic-Regular.woff */ = {isa = PBXFileReference; lastKnownFileType = file; path = "DSEG7Classic-Regular.woff"; sourceTree = "<group>"; };
		3CF7C9001CAFA5980013EC10 /* DSEG7ClassicMini-Bold.ttf */ = {isa = PBXFileReference; lastKnownFileType = file; path = "DSEG7ClassicMini-Bold.ttf"; sourceTree = "<group>"; };
		3CF7C9011CAFA5980013EC10 /* DSEG7ClassicMini-Bold.woff */ = {isa = PBXFileReference; lastKnownFileType = file; path = "DSEG7ClassicMini-Bold.woff"; sourceTree = "<group>"; };
		3CF7C9021CAFA5980013EC10 /* DSEG7ClassicMini-BoldItalic.ttf */ = {isa = PBXFileReference; lastKnownFileType = file; path = "DSEG7ClassicMini-BoldItalic.ttf"; sourceTree = "<group>"; };
		3CF7C9031CAFA5980013EC10 /* DSEG7ClassicMini-BoldItalic.woff */ = {isa = PBXFileReference; lastKnownFileType = file; path = "DSEG7ClassicMini-BoldItalic.woff"; sourceTree = "<group>"; };
		3CF7C9041CAFA5980013EC10 /* DSEG7ClassicMini-Italic.ttf */ = {isa = PBXFileReference; lastKnownFileType = file; path = "DSEG7ClassicMini-Italic.ttf"; sourceTree = "<group>"; };
		3CF7C9051CAFA5980013EC10 /* DSEG7ClassicMini-Italic.woff */ = {isa = PBXFileReference; lastKnownFileType = file; path = "DSEG7ClassicMini-Italic.woff"; sourceTree = "<group>"; };
		3CF7C9061CAFA5980013EC10 /* DSEG7ClassicMini-Light.ttf */ = {isa = PBXFileReference; lastKnownFileType = file; path = "DSEG7ClassicMini-Light.ttf"; sourceTree = "<group>"; };
		3CF7C9071CAFA5980013EC10 /* DSEG7ClassicMini-Light.woff */ = {isa = PBXFileReference; lastKnownFileType = file; path = "DSEG7ClassicMini-Light.woff"; sourceTree = "<group>"; };
		3CF7C9081CAFA5980013EC10 /* DSEG7ClassicMini-LightItalic.ttf */ = {isa = PBXFileReference; lastKnownFileType = file; path = "DSEG7ClassicMini-LightItalic.ttf"; sourceTree = "<group>"; };
		3CF7C9091CAFA5980013EC10 /* DSEG7ClassicMini-LightItalic.woff */ = {isa = PBXFileReference; lastKnownFileType = file; path = "DSEG7ClassicMini-LightItalic.woff"; sourceTree = "<group>"; };
		3CF7C90A1CAFA5980013EC10 /* DSEG7ClassicMini-Regular.ttf */ = {isa = PBXFileReference; lastKnownFileType = file; path = "DSEG7ClassicMini-Regular.ttf"; sourceTree = "<group>"; };
		3CF7C90B1CAFA5980013EC10 /* DSEG7ClassicMini-Regular.woff */ = {isa = PBXFileReference; lastKnownFileType = file; path = "DSEG7ClassicMini-Regular.woff"; sourceTree = "<group>"; };
		3CF7C90D1CAFA5980013EC10 /* DSEG7Modern-Bold.ttf */ = {isa = PBXFileReference; lastKnownFileType = file; path = "DSEG7Modern-Bold.ttf"; sourceTree = "<group>"; };
		3CF7C90E1CAFA5980013EC10 /* DSEG7Modern-Bold.woff */ = {isa = PBXFileReference; lastKnownFileType = file; path = "DSEG7Modern-Bold.woff"; sourceTree = "<group>"; };
		3CF7C90F1CAFA5980013EC10 /* DSEG7Modern-BoldItalic.ttf */ = {isa = PBXFileReference; lastKnownFileType = file; path = "DSEG7Modern-BoldItalic.ttf"; sourceTree = "<group>"; };
		3CF7C9101CAFA5980013EC10 /* DSEG7Modern-BoldItalic.woff */ = {isa = PBXFileReference; lastKnownFileType = file; path = "DSEG7Modern-BoldItalic.woff"; sourceTree = "<group>"; };
		3CF7C9111CAFA5980013EC10 /* DSEG7Modern-Italic.ttf */ = {isa = PBXFileReference; lastKnownFileType = file; path = "DSEG7Modern-Italic.ttf"; sourceTree = "<group>"; };
		3CF7C9121CAFA5980013EC10 /* DSEG7Modern-Italic.woff */ = {isa = PBXFileReference; lastKnownFileType = file; path = "DSEG7Modern-Italic.woff"; sourceTree = "<group>"; };
		3CF7C9131CAFA5980013EC10 /* DSEG7Modern-Light.ttf */ = {isa = PBXFileReference; lastKnownFileType = file; path = "DSEG7Modern-Light.ttf"; sourceTree = "<group>"; };
		3CF7C9141CAFA5980013EC10 /* DSEG7Modern-Light.woff */ = {isa = PBXFileReference; lastKnownFileType = file; path = "DSEG7Modern-Light.woff"; sourceTree = "<group>"; };
		3CF7C9151CAFA5980013EC10 /* DSEG7Modern-LightItalic.ttf */ = {isa = PBXFileReference; lastKnownFileType = file; path = "DSEG7Modern-LightItalic.ttf"; sourceTree = "<group>"; };
		3CF7C9161CAFA5980013EC10 /* DSEG7Modern-LightItalic.woff */ = {isa = PBXFileReference; lastKnownFileType = file; path = "DSEG7Modern-LightItalic.woff"; sourceTree = "<group>"; };
		3CF7C9171CAFA5980013EC10 /* DSEG7Modern-Regular.ttf */ = {isa = PBXFileReference; lastKnownFileType = file; path = "DSEG7Modern-Regular.ttf"; sourceTree = "<group>"; };
		3CF7C9181CAFA5980013EC10 /* DSEG7Modern-Regular.woff */ = {isa = PBXFileReference; lastKnownFileType = file; path = "DSEG7Modern-Regular.woff"; sourceTree = "<group>"; };
		3CF7C91A1CAFA5980013EC10 /* DSEG7ModernMini-Bold.ttf */ = {isa = PBXFileReference; lastKnownFileType = file; path = "DSEG7ModernMini-Bold.ttf"; sourceTree = "<group>"; };
		3CF7C91B1CAFA5980013EC10 /* DSEG7ModernMini-Bold.woff */ = {isa = PBXFileReference; lastKnownFileType = file; path = "DSEG7ModernMini-Bold.woff"; sourceTree = "<group>"; };
		3CF7C91C1CAFA5980013EC10 /* DSEG7ModernMini-BoldItalic.ttf */ = {isa = PBXFileReference; lastKnownFileType = file; path = "DSEG7ModernMini-BoldItalic.ttf"; sourceTree = "<group>"; };
		3CF7C91D1CAFA5980013EC10 /* DSEG7ModernMini-BoldItalic.woff */ = {isa = PBXFileReference; lastKnownFileType = file; path = "DSEG7ModernMini-BoldItalic.woff"; sourceTree = "<group>"; };
		3CF7C91E1CAFA5980013EC10 /* DSEG7ModernMini-Italic.ttf */ = {isa = PBXFileReference; lastKnownFileType = file; path = "DSEG7ModernMini-Italic.ttf"; sourceTree = "<group>"; };
		3CF7C91F1CAFA5980013EC10 /* DSEG7ModernMini-Italic.woff */ = {isa = PBXFileReference; lastKnownFileType = file; path = "DSEG7ModernMini-Italic.woff"; sourceTree = "<group>"; };
		3CF7C9201CAFA5980013EC10 /* DSEG7ModernMini-Light.ttf */ = {isa = PBXFileReference; lastKnownFileType = file; path = "DSEG7ModernMini-Light.ttf"; sourceTree = "<group>"; };
		3CF7C9211CAFA5980013EC10 /* DSEG7ModernMini-Light.woff */ = {isa = PBXFileReference; lastKnownFileType = file; path = "DSEG7ModernMini-Light.woff"; sourceTree = "<group>"; };
		3CF7C9221CAFA5980013EC10 /* DSEG7ModernMini-LightItalic.ttf */ = {isa = PBXFileReference; lastKnownFileType = file; path = "DSEG7ModernMini-LightItalic.ttf"; sourceTree = "<group>"; };
		3CF7C9231CAFA5980013EC10 /* DSEG7ModernMini-LightItalic.woff */ = {isa = PBXFileReference; lastKnownFileType = file; path = "DSEG7ModernMini-LightItalic.woff"; sourceTree = "<group>"; };
		3CF7C9241CAFA5980013EC10 /* DSEG7ModernMini-Regular.ttf */ = {isa = PBXFileReference; lastKnownFileType = file; path = "DSEG7ModernMini-Regular.ttf"; sourceTree = "<group>"; };
		3CF7C9251CAFA5980013EC10 /* DSEG7ModernMini-Regular.woff */ = {isa = PBXFileReference; lastKnownFileType = file; path = "DSEG7ModernMini-Regular.woff"; sourceTree = "<group>"; };
		3CF7C9281CAFA5980013EC10 /* DSEG14Classic-Bold.ttf */ = {isa = PBXFileReference; lastKnownFileType = file; path = "DSEG14Classic-Bold.ttf"; sourceTree = "<group>"; };
		3CF7C9291CAFA5980013EC10 /* DSEG14Classic-Bold.woff */ = {isa = PBXFileReference; lastKnownFileType = file; path = "DSEG14Classic-Bold.woff"; sourceTree = "<group>"; };
		3CF7C92A1CAFA5980013EC10 /* DSEG14Classic-BoldItalic.ttf */ = {isa = PBXFileReference; lastKnownFileType = file; path = "DSEG14Classic-BoldItalic.ttf"; sourceTree = "<group>"; };
		3CF7C92B1CAFA5980013EC10 /* DSEG14Classic-BoldItalic.woff */ = {isa = PBXFileReference; lastKnownFileType = file; path = "DSEG14Classic-BoldItalic.woff"; sourceTree = "<group>"; };
		3CF7C92C1CAFA5980013EC10 /* DSEG14Classic-Italic.ttf */ = {isa = PBXFileReference; lastKnownFileType = file; path = "DSEG14Classic-Italic.ttf"; sourceTree = "<group>"; };
		3CF7C92D1CAFA5980013EC10 /* DSEG14Classic-Italic.woff */ = {isa = PBXFileReference; lastKnownFileType = file; path = "DSEG14Classic-Italic.woff"; sourceTree = "<group>"; };
		3CF7C92E1CAFA5980013EC10 /* DSEG14Classic-Light.ttf */ = {isa = PBXFileReference; lastKnownFileType = file; path = "DSEG14Classic-Light.ttf"; sourceTree = "<group>"; };
		3CF7C92F1CAFA5980013EC10 /* DSEG14Classic-Light.woff */ = {isa = PBXFileReference; lastKnownFileType = file; path = "DSEG14Classic-Light.woff"; sourceTree = "<group>"; };
		3CF7C9301CAFA5980013EC10 /* DSEG14Classic-LightItalic.ttf */ = {isa = PBXFileReference; lastKnownFileType = file; path = "DSEG14Classic-LightItalic.ttf"; sourceTree = "<group>"; };
		3CF7C9311CAFA5980013EC10 /* DSEG14Classic-LightItalic.woff */ = {isa = PBXFileReference; lastKnownFileType = file; path = "DSEG14Classic-LightItalic.woff"; sourceTree = "<group>"; };
		3CF7C9321CAFA5980013EC10 /* DSEG14Classic-Regular.ttf */ = {isa = PBXFileReference; lastKnownFileType = file; path = "DSEG14Classic-Regular.ttf"; sourceTree = "<group>"; };
		3CF7C9331CAFA5980013EC10 /* DSEG14Classic-Regular.woff */ = {isa = PBXFileReference; lastKnownFileType = file; path = "DSEG14Classic-Regular.woff"; sourceTree = "<group>"; };
		3CF7C9351CAFA5980013EC10 /* DSEG14ClassicMini-Bold.ttf */ = {isa = PBXFileReference; lastKnownFileType = file; path = "DSEG14ClassicMini-Bold.ttf"; sourceTree = "<group>"; };
		3CF7C9361CAFA5980013EC10 /* DSEG14ClassicMini-Bold.woff */ = {isa = PBXFileReference; lastKnownFileType = file; path = "DSEG14ClassicMini-Bold.woff"; sourceTree = "<group>"; };
		3CF7C9371CAFA5980013EC10 /* DSEG14ClassicMini-BoldItalic.ttf */ = {isa = PBXFileReference; lastKnownFileType = file; path = "DSEG14ClassicMini-BoldItalic.ttf"; sourceTree = "<group>"; };
		3CF7C9381CAFA5980013EC10 /* DSEG14ClassicMini-BoldItalic.woff */ = {isa = PBXFileReference; lastKnownFileType = file; path = "DSEG14ClassicMini-BoldItalic.woff"; sourceTree = "<group>"; };
		3CF7C9391CAFA5980013EC10 /* DSEG14ClassicMini-Italic.ttf */ = {isa = PBXFileReference; lastKnownFileType = file; path = "DSEG14ClassicMini-Italic.ttf"; sourceTree = "<group>"; };
		3CF7C93A1CAFA5980013EC10 /* DSEG14ClassicMini-Italic.woff */ = {isa = PBXFileReference; lastKnownFileType = file; path = "DSEG14ClassicMini-Italic.woff"; sourceTree = "<group>"; };
		3CF7C93B1CAFA5980013EC10 /* DSEG14ClassicMini-Light.ttf */ = {isa = PBXFileReference; lastKnownFileType = file; path = "DSEG14ClassicMini-Light.ttf"; sourceTree = "<group>"; };
		3CF7C93C1CAFA5980013EC10 /* DSEG14ClassicMini-Light.woff */ = {isa = PBXFileReference; lastKnownFileType = file; path = "DSEG14ClassicMini-Light.woff"; sourceTree = "<group>"; };
		3CF7C93D1CAFA5980013EC10 /* DSEG14ClassicMini-LightItalic.ttf */ = {isa = PBXFileReference; lastKnownFileType = file; path = "DSEG14ClassicMini-LightItalic.ttf"; sourceTree = "<group>"; };
		3CF7C93E1CAFA5980013EC10 /* DSEG14ClassicMini-LightItalic.woff */ = {isa = PBXFileReference; lastKnownFileType = file; path = "DSEG14ClassicMini-LightItalic.woff"; sourceTree = "<group>"; };
		3CF7C93F1CAFA5980013EC10 /* DSEG14ClassicMini-Regular.ttf */ = {isa = PBXFileReference; lastKnownFileType = file; path = "DSEG14ClassicMini-Regular.ttf"; sourceTree = "<group>"; };
		3CF7C9401CAFA5980013EC10 /* DSEG14ClassicMini-Regular.woff */ = {isa = PBXFileReference; lastKnownFileType = file; path = "DSEG14ClassicMini-Regular.woff"; sourceTree = "<group>"; };
		3CF7C9421CAFA5980013EC10 /* DSEG14Modern-Bold.ttf */ = {isa = PBXFileReference; lastKnownFileType = file; path = "DSEG14Modern-Bold.ttf"; sourceTree = "<group>"; };
		3CF7C9431CAFA5980013EC10 /* DSEG14Modern-Bold.woff */ = {isa = PBXFileReference; lastKnownFileType = file; path = "DSEG14Modern-Bold.woff"; sourceTree = "<group>"; };
		3CF7C9441CAFA5980013EC10 /* DSEG14Modern-BoldItalic.ttf */ = {isa = PBXFileReference; lastKnownFileType = file; path = "DSEG14Modern-BoldItalic.ttf"; sourceTree = "<group>"; };
		3CF7C9451CAFA5980013EC10 /* DSEG14Modern-BoldItalic.woff */ = {isa = PBXFileReference; lastKnownFileType = file; path = "DSEG14Modern-BoldItalic.woff"; sourceTree = "<group>"; };
		3CF7C9461CAFA5980013EC10 /* DSEG14Modern-Italic.ttf */ = {isa = PBXFileReference; lastKnownFileType = file; path = "DSEG14Modern-Italic.ttf"; sourceTree = "<group>"; };
		3CF7C9471CAFA5980013EC10 /* DSEG14Modern-Italic.woff */ = {isa = PBXFileReference; lastKnownFileType = file; path = "DSEG14Modern-Italic.woff"; sourceTree = "<group>"; };
		3CF7C9481CAFA5980013EC10 /* DSEG14Modern-Light.ttf */ = {isa = PBXFileReference; lastKnownFileType = file; path = "DSEG14Modern-Light.ttf"; sourceTree = "<group>"; };
		3CF7C9491CAFA5980013EC10 /* DSEG14Modern-Light.woff */ = {isa = PBXFileReference; lastKnownFileType = file; path = "DSEG14Modern-Light.woff"; sourceTree = "<group>"; };
		3CF7C94A1CAFA5980013EC10 /* DSEG14Modern-LightItalic.ttf */ = {isa = PBXFileReference; lastKnownFileType = file; path = "DSEG14Modern-LightItalic.ttf"; sourceTree = "<group>"; };
		3CF7C94B1CAFA5980013EC10 /* DSEG14Modern-LightItalic.woff */ = {isa = PBXFileReference; lastKnownFileType = file; path = "DSEG14Modern-LightItalic.woff"; sourceTree = "<group>"; };
		3CF7C94C1CAFA5980013EC10 /* DSEG14Modern-Regular.ttf */ = {isa = PBXFileReference; lastKnownFileType = file; path = "DSEG14Modern-Regular.ttf"; sourceTree = "<group>"; };
		3CF7C94D1CAFA5980013EC10 /* DSEG14Modern-Regular.woff */ = {isa = PBXFileReference; lastKnownFileType = file; path = "DSEG14Modern-Regular.woff"; sourceTree = "<group>"; };
		3CF7C94F1CAFA5980013EC10 /* DSEG14ModernMini-Bold.ttf */ = {isa = PBXFileReference; lastKnownFileType = file; path = "DSEG14ModernMini-Bold.ttf"; sourceTree = "<group>"; };
		3CF7C9501CAFA5980013EC10 /* DSEG14ModernMini-Bold.woff */ = {isa = PBXFileReference; lastKnownFileType = file; path = "DSEG14ModernMini-Bold.woff"; sourceTree = "<group>"; };
		3CF7C9511CAFA5980013EC10 /* DSEG14ModernMini-BoldItalic.ttf */ = {isa = PBXFileReference; lastKnownFileType = file; path = "DSEG14ModernMini-BoldItalic.ttf"; sourceTree = "<group>"; };
		3CF7C9521CAFA5980013EC10 /* DSEG14ModernMini-BoldItalic.woff */ = {isa = PBXFileReference; lastKnownFileType = file; path = "DSEG14ModernMini-BoldItalic.woff"; sourceTree = "<group>"; };
		3CF7C9531CAFA5980013EC10 /* DSEG14ModernMini-Italic.ttf */ = {isa = PBXFileReference; lastKnownFileType = file; path = "DSEG14ModernMini-Italic.ttf"; sourceTree = "<group>"; };
		3CF7C9541CAFA5980013EC10 /* DSEG14ModernMini-Italic.woff */ = {isa = PBXFileReference; lastKnownFileType = file; path = "DSEG14ModernMini-Italic.woff"; sourceTree = "<group>"; };
		3CF7C9551CAFA5980013EC10 /* DSEG14ModernMini-Light.ttf */ = {isa = PBXFileReference; lastKnownFileType = file; path = "DSEG14ModernMini-Light.ttf"; sourceTree = "<group>"; };
		3CF7C9561CAFA5980013EC10 /* DSEG14ModernMini-Light.woff */ = {isa = PBXFileReference; lastKnownFileType = file; path = "DSEG14ModernMini-Light.woff"; sourceTree = "<group>"; };
		3CF7C9571CAFA5980013EC10 /* DSEG14ModernMini-LightItalic.ttf */ = {isa = PBXFileReference; lastKnownFileType = file; path = "DSEG14ModernMini-LightItalic.ttf"; sourceTree = "<group>"; };
		3CF7C9581CAFA5980013EC10 /* DSEG14ModernMini-LightItalic.woff */ = {isa = PBXFileReference; lastKnownFileType = file; path = "DSEG14ModernMini-LightItalic.woff"; sourceTree = "<group>"; };
		3CF7C9591CAFA5980013EC10 /* DSEG14ModernMini-Regular.ttf */ = {isa = PBXFileReference; lastKnownFileType = file; path = "DSEG14ModernMini-Regular.ttf"; sourceTree = "<group>"; };
		3CF7C95A1CAFA5980013EC10 /* DSEG14ModernMini-Regular.woff */ = {isa = PBXFileReference; lastKnownFileType = file; path = "DSEG14ModernMini-Regular.woff"; sourceTree = "<group>"; };
		3CF7C9BF1CAFACBC0013EC10 /* iPhone5_baseA.png */ = {isa = PBXFileReference; lastKnownFileType = image.png; path = iPhone5_baseA.png; sourceTree = "<group>"; };
		3CF7C9C01CAFACBC0013EC10 /* iPhone5_baseB.png */ = {isa = PBXFileReference; lastKnownFileType = image.png; path = iPhone5_baseB.png; sourceTree = "<group>"; };
		3CF7CA011CB641210013EC10 /* CoreBluetooth.framework */ = {isa = PBXFileReference; lastKnownFileType = wrapper.framework; name = CoreBluetooth.framework; path = System/Library/Frameworks/CoreBluetooth.framework; sourceTree = SDKROOT; };
		3CF7CA041CB64BD40013EC10 /* Default-568h@2x.png */ = {isa = PBXFileReference; lastKnownFileType = image.png; path = "Default-568h@2x.png"; sourceTree = "<group>"; };
		3CF7CA051CB64BD40013EC10 /* Default-667h@2x.png */ = {isa = PBXFileReference; lastKnownFileType = image.png; path = "Default-667h@2x.png"; sourceTree = "<group>"; };
		3CF7CA061CB64BD40013EC10 /* Default-736h@3x.png */ = {isa = PBXFileReference; lastKnownFileType = image.png; path = "Default-736h@3x.png"; sourceTree = "<group>"; };
		8517729B926AAEC2723385CC /* Pods-nit-formula14.release.xcconfig */ = {isa = PBXFileReference; includeInIndex = 1; lastKnownFileType = text.xcconfig; name = "Pods-nit-formula14.release.xcconfig"; path = "Pods/Target Support Files/Pods-nit-formula14/Pods-nit-formula14.release.xcconfig"; sourceTree = "<group>"; };
/* End PBXFileReference section */

/* Begin PBXFrameworksBuildPhase section */
		3CF7C8AF1CAFA3320013EC10 /* Frameworks */ = {
			isa = PBXFrameworksBuildPhase;
			buildActionMask = 2147483647;
			files = (
				3CF7CA021CB641210013EC10 /* CoreBluetooth.framework in Frameworks */,
				5D6BA5DCB6DEC682CDBC9D3B /* libPods-nit-formula14.a in Frameworks */,
			);
			runOnlyForDeploymentPostprocessing = 0;
		};
		3CF7C8C31CAFA3320013EC10 /* Frameworks */ = {
			isa = PBXFrameworksBuildPhase;
			buildActionMask = 2147483647;
			files = (
			);
			runOnlyForDeploymentPostprocessing = 0;
		};
		3CF7C8CE1CAFA3320013EC10 /* Frameworks */ = {
			isa = PBXFrameworksBuildPhase;
			buildActionMask = 2147483647;
			files = (
			);
			runOnlyForDeploymentPostprocessing = 0;
		};
/* End PBXFrameworksBuildPhase section */

/* Begin PBXGroup section */
		3CF7C8A91CAFA3320013EC10 = {
			isa = PBXGroup;
			children = (
				3CF7CA011CB641210013EC10 /* CoreBluetooth.framework */,
				3CF7C8B41CAFA3320013EC10 /* nit-formula14 */,
				3CF7C8C91CAFA3320013EC10 /* nit-formula14Tests */,
				3CF7C8D41CAFA3320013EC10 /* nit-formula14UITests */,
				3CF7C8B31CAFA3320013EC10 /* Products */,
				D119BEC870A9F5BF1DFC2662 /* Pods */,
				422C245C8262A648A5FB17D4 /* Frameworks */,
			);
			sourceTree = "<group>";
		};
		3CF7C8B31CAFA3320013EC10 /* Products */ = {
			isa = PBXGroup;
			children = (
				3CF7C8B21CAFA3320013EC10 /* nit-formula14.app */,
				3CF7C8C61CAFA3320013EC10 /* nit-formula14Tests.xctest */,
				3CF7C8D11CAFA3320013EC10 /* nit-formula14UITests.xctest */,
			);
			name = Products;
			sourceTree = "<group>";
		};
		3CF7C8B41CAFA3320013EC10 /* nit-formula14 */ = {
			isa = PBXGroup;
			children = (
				3CF7CA031CB64BD40013EC10 /* Defaults */,
				3CF7C8E31CAFA3D20013EC10 /* 計器用画像など */,
				3CF7C8B51CAFA3320013EC10 /* AppDelegate.swift */,
				3C0AB8681D2CD75400D15758 /* StartViewController.swift */,
				3CF7C8B71CAFA3320013EC10 /* ViewController.swift */,
				3CC400C21D325062009EDAA1 /* PitViewController.swift */,
				3CF7C8B91CAFA3320013EC10 /* Main.storyboard */,
				3CF7C8BC1CAFA3320013EC10 /* Assets.xcassets */,
				3CF7C8BE1CAFA3320013EC10 /* LaunchScreen.storyboard */,
				3CF7C8C11CAFA3320013EC10 /* Info.plist */,
			);
			path = "nit-formula14";
			sourceTree = "<group>";
		};
		3CF7C8C91CAFA3320013EC10 /* nit-formula14Tests */ = {
			isa = PBXGroup;
			children = (
				3CF7C8CA1CAFA3320013EC10 /* nit_formula14Tests.swift */,
				3CF7C8CC1CAFA3320013EC10 /* Info.plist */,
			);
			path = "nit-formula14Tests";
			sourceTree = "<group>";
		};
		3CF7C8D41CAFA3320013EC10 /* nit-formula14UITests */ = {
			isa = PBXGroup;
			children = (
				3CF7C8D51CAFA3320013EC10 /* nit_formula14UITests.swift */,
				3CF7C8D71CAFA3320013EC10 /* Info.plist */,
			);
			path = "nit-formula14UITests";
			sourceTree = "<group>";
		};
		3CF7C8E31CAFA3D20013EC10 /* 計器用画像など */ = {
			isa = PBXGroup;
			children = (
				3C0AB8621D2CD0E100D15758 /* パイロンimage.png */,
				3C0AB8641D2CD68D00D15758 /* nit14-driveButton.png */,
				3C0AB8661D2CD69600D15758 /* nit14-pitButton.png */,
				3CF7C9BF1CAFACBC0013EC10 /* iPhone5_baseA.png */,
				3CF7C9C01CAFACBC0013EC10 /* iPhone5_baseB.png */,
				3CF7C8EC1CAFA5980013EC10 /* DSEG7 */,
				3CF7C9261CAFA5980013EC10 /* DSEG14 */,
				3CF7C8E41CAFA3D20013EC10 /* formula_inst_1.png */,
				3CF7C8E51CAFA3D20013EC10 /* formula_inst_1greenbar.png */,
				3CF7C8E61CAFA3D20013EC10 /* formula_inst_1redbar.png */,
				3CF7C8E71CAFA3D20013EC10 /* formula_inst_1yellowbar.png */,
			);
			path = "計器用画像など";
			sourceTree = "<group>";
		};
		3CF7C8EC1CAFA5980013EC10 /* DSEG7 */ = {
			isa = PBXGroup;
			children = (
				3CF7C8ED1CAFA5980013EC10 /* 7SEGG-CHAN */,
				3CF7C8F21CAFA5980013EC10 /* Classic */,
				3CF7C8FF1CAFA5980013EC10 /* Classic-MINI */,
				3CF7C90C1CAFA5980013EC10 /* Modern */,
				3CF7C9191CAFA5980013EC10 /* Modern-MINI */,
			);
			path = DSEG7;
			sourceTree = "<group>";
		};
		3CF7C8ED1CAFA5980013EC10 /* 7SEGG-CHAN */ = {
			isa = PBXGroup;
			children = (
				3CF7C8EE1CAFA5980013EC10 /* DSEG7SEGGCHAN-Regular.ttf */,
				3CF7C8EF1CAFA5980013EC10 /* DSEG7SEGGCHAN-Regular.woff */,
				3CF7C8F01CAFA5980013EC10 /* DSEG7SEGGCHANMINI-Regular.ttf */,
				3CF7C8F11CAFA5980013EC10 /* DSEG7SEGGCHANMINI-Regular.woff */,
			);
			path = "7SEGG-CHAN";
			sourceTree = "<group>";
		};
		3CF7C8F21CAFA5980013EC10 /* Classic */ = {
			isa = PBXGroup;
			children = (
				3CF7C8F31CAFA5980013EC10 /* DSEG7Classic-Bold.ttf */,
				3CF7C8F41CAFA5980013EC10 /* DSEG7Classic-Bold.woff */,
				3CF7C8F51CAFA5980013EC10 /* DSEG7Classic-BoldItalic.ttf */,
				3CF7C8F61CAFA5980013EC10 /* DSEG7Classic-BoldItalic.woff */,
				3CF7C8F71CAFA5980013EC10 /* DSEG7Classic-Italic.ttf */,
				3CF7C8F81CAFA5980013EC10 /* DSEG7Classic-Italic.woff */,
				3CF7C8F91CAFA5980013EC10 /* DSEG7Classic-Light.ttf */,
				3CF7C8FA1CAFA5980013EC10 /* DSEG7Classic-Light.woff */,
				3CF7C8FB1CAFA5980013EC10 /* DSEG7Classic-LightItalic.ttf */,
				3CF7C8FC1CAFA5980013EC10 /* DSEG7Classic-LightItalic.woff */,
				3CF7C8FD1CAFA5980013EC10 /* DSEG7Classic-Regular.ttf */,
				3CF7C8FE1CAFA5980013EC10 /* DSEG7Classic-Regular.woff */,
			);
			path = Classic;
			sourceTree = "<group>";
		};
		3CF7C8FF1CAFA5980013EC10 /* Classic-MINI */ = {
			isa = PBXGroup;
			children = (
				3CF7C9001CAFA5980013EC10 /* DSEG7ClassicMini-Bold.ttf */,
				3CF7C9011CAFA5980013EC10 /* DSEG7ClassicMini-Bold.woff */,
				3CF7C9021CAFA5980013EC10 /* DSEG7ClassicMini-BoldItalic.ttf */,
				3CF7C9031CAFA5980013EC10 /* DSEG7ClassicMini-BoldItalic.woff */,
				3CF7C9041CAFA5980013EC10 /* DSEG7ClassicMini-Italic.ttf */,
				3CF7C9051CAFA5980013EC10 /* DSEG7ClassicMini-Italic.woff */,
				3CF7C9061CAFA5980013EC10 /* DSEG7ClassicMini-Light.ttf */,
				3CF7C9071CAFA5980013EC10 /* DSEG7ClassicMini-Light.woff */,
				3CF7C9081CAFA5980013EC10 /* DSEG7ClassicMini-LightItalic.ttf */,
				3CF7C9091CAFA5980013EC10 /* DSEG7ClassicMini-LightItalic.woff */,
				3CF7C90A1CAFA5980013EC10 /* DSEG7ClassicMini-Regular.ttf */,
				3CF7C90B1CAFA5980013EC10 /* DSEG7ClassicMini-Regular.woff */,
			);
			path = "Classic-MINI";
			sourceTree = "<group>";
		};
		3CF7C90C1CAFA5980013EC10 /* Modern */ = {
			isa = PBXGroup;
			children = (
				3CF7C90D1CAFA5980013EC10 /* DSEG7Modern-Bold.ttf */,
				3CF7C90E1CAFA5980013EC10 /* DSEG7Modern-Bold.woff */,
				3CF7C90F1CAFA5980013EC10 /* DSEG7Modern-BoldItalic.ttf */,
				3CF7C9101CAFA5980013EC10 /* DSEG7Modern-BoldItalic.woff */,
				3CF7C9111CAFA5980013EC10 /* DSEG7Modern-Italic.ttf */,
				3CF7C9121CAFA5980013EC10 /* DSEG7Modern-Italic.woff */,
				3CF7C9131CAFA5980013EC10 /* DSEG7Modern-Light.ttf */,
				3CF7C9141CAFA5980013EC10 /* DSEG7Modern-Light.woff */,
				3CF7C9151CAFA5980013EC10 /* DSEG7Modern-LightItalic.ttf */,
				3CF7C9161CAFA5980013EC10 /* DSEG7Modern-LightItalic.woff */,
				3CF7C9171CAFA5980013EC10 /* DSEG7Modern-Regular.ttf */,
				3CF7C9181CAFA5980013EC10 /* DSEG7Modern-Regular.woff */,
			);
			path = Modern;
			sourceTree = "<group>";
		};
		3CF7C9191CAFA5980013EC10 /* Modern-MINI */ = {
			isa = PBXGroup;
			children = (
				3CF7C91A1CAFA5980013EC10 /* DSEG7ModernMini-Bold.ttf */,
				3CF7C91B1CAFA5980013EC10 /* DSEG7ModernMini-Bold.woff */,
				3CF7C91C1CAFA5980013EC10 /* DSEG7ModernMini-BoldItalic.ttf */,
				3CF7C91D1CAFA5980013EC10 /* DSEG7ModernMini-BoldItalic.woff */,
				3CF7C91E1CAFA5980013EC10 /* DSEG7ModernMini-Italic.ttf */,
				3CF7C91F1CAFA5980013EC10 /* DSEG7ModernMini-Italic.woff */,
				3CF7C9201CAFA5980013EC10 /* DSEG7ModernMini-Light.ttf */,
				3CF7C9211CAFA5980013EC10 /* DSEG7ModernMini-Light.woff */,
				3CF7C9221CAFA5980013EC10 /* DSEG7ModernMini-LightItalic.ttf */,
				3CF7C9231CAFA5980013EC10 /* DSEG7ModernMini-LightItalic.woff */,
				3CF7C9241CAFA5980013EC10 /* DSEG7ModernMini-Regular.ttf */,
				3CF7C9251CAFA5980013EC10 /* DSEG7ModernMini-Regular.woff */,
			);
			path = "Modern-MINI";
			sourceTree = "<group>";
		};
		3CF7C9261CAFA5980013EC10 /* DSEG14 */ = {
			isa = PBXGroup;
			children = (
				3CF7C9271CAFA5980013EC10 /* Classic */,
				3CF7C9341CAFA5980013EC10 /* Classic-MINI */,
				3CF7C9411CAFA5980013EC10 /* Modern */,
				3CF7C94E1CAFA5980013EC10 /* Modern-MINI */,
			);
			path = DSEG14;
			sourceTree = "<group>";
		};
		3CF7C9271CAFA5980013EC10 /* Classic */ = {
			isa = PBXGroup;
			children = (
				3CF7C9281CAFA5980013EC10 /* DSEG14Classic-Bold.ttf */,
				3CF7C9291CAFA5980013EC10 /* DSEG14Classic-Bold.woff */,
				3CF7C92A1CAFA5980013EC10 /* DSEG14Classic-BoldItalic.ttf */,
				3CF7C92B1CAFA5980013EC10 /* DSEG14Classic-BoldItalic.woff */,
				3CF7C92C1CAFA5980013EC10 /* DSEG14Classic-Italic.ttf */,
				3CF7C92D1CAFA5980013EC10 /* DSEG14Classic-Italic.woff */,
				3CF7C92E1CAFA5980013EC10 /* DSEG14Classic-Light.ttf */,
				3CF7C92F1CAFA5980013EC10 /* DSEG14Classic-Light.woff */,
				3CF7C9301CAFA5980013EC10 /* DSEG14Classic-LightItalic.ttf */,
				3CF7C9311CAFA5980013EC10 /* DSEG14Classic-LightItalic.woff */,
				3CF7C9321CAFA5980013EC10 /* DSEG14Classic-Regular.ttf */,
				3CF7C9331CAFA5980013EC10 /* DSEG14Classic-Regular.woff */,
			);
			path = Classic;
			sourceTree = "<group>";
		};
		3CF7C9341CAFA5980013EC10 /* Classic-MINI */ = {
			isa = PBXGroup;
			children = (
				3CF7C9351CAFA5980013EC10 /* DSEG14ClassicMini-Bold.ttf */,
				3CF7C9361CAFA5980013EC10 /* DSEG14ClassicMini-Bold.woff */,
				3CF7C9371CAFA5980013EC10 /* DSEG14ClassicMini-BoldItalic.ttf */,
				3CF7C9381CAFA5980013EC10 /* DSEG14ClassicMini-BoldItalic.woff */,
				3CF7C9391CAFA5980013EC10 /* DSEG14ClassicMini-Italic.ttf */,
				3CF7C93A1CAFA5980013EC10 /* DSEG14ClassicMini-Italic.woff */,
				3CF7C93B1CAFA5980013EC10 /* DSEG14ClassicMini-Light.ttf */,
				3CF7C93C1CAFA5980013EC10 /* DSEG14ClassicMini-Light.woff */,
				3CF7C93D1CAFA5980013EC10 /* DSEG14ClassicMini-LightItalic.ttf */,
				3CF7C93E1CAFA5980013EC10 /* DSEG14ClassicMini-LightItalic.woff */,
				3CF7C93F1CAFA5980013EC10 /* DSEG14ClassicMini-Regular.ttf */,
				3CF7C9401CAFA5980013EC10 /* DSEG14ClassicMini-Regular.woff */,
			);
			path = "Classic-MINI";
			sourceTree = "<group>";
		};
		3CF7C9411CAFA5980013EC10 /* Modern */ = {
			isa = PBXGroup;
			children = (
				3CF7C9421CAFA5980013EC10 /* DSEG14Modern-Bold.ttf */,
				3CF7C9431CAFA5980013EC10 /* DSEG14Modern-Bold.woff */,
				3CF7C9441CAFA5980013EC10 /* DSEG14Modern-BoldItalic.ttf */,
				3CF7C9451CAFA5980013EC10 /* DSEG14Modern-BoldItalic.woff */,
				3CF7C9461CAFA5980013EC10 /* DSEG14Modern-Italic.ttf */,
				3CF7C9471CAFA5980013EC10 /* DSEG14Modern-Italic.woff */,
				3CF7C9481CAFA5980013EC10 /* DSEG14Modern-Light.ttf */,
				3CF7C9491CAFA5980013EC10 /* DSEG14Modern-Light.woff */,
				3CF7C94A1CAFA5980013EC10 /* DSEG14Modern-LightItalic.ttf */,
				3CF7C94B1CAFA5980013EC10 /* DSEG14Modern-LightItalic.woff */,
				3CF7C94C1CAFA5980013EC10 /* DSEG14Modern-Regular.ttf */,
				3CF7C94D1CAFA5980013EC10 /* DSEG14Modern-Regular.woff */,
			);
			path = Modern;
			sourceTree = "<group>";
		};
		3CF7C94E1CAFA5980013EC10 /* Modern-MINI */ = {
			isa = PBXGroup;
			children = (
				3CF7C94F1CAFA5980013EC10 /* DSEG14ModernMini-Bold.ttf */,
				3CF7C9501CAFA5980013EC10 /* DSEG14ModernMini-Bold.woff */,
				3CF7C9511CAFA5980013EC10 /* DSEG14ModernMini-BoldItalic.ttf */,
				3CF7C9521CAFA5980013EC10 /* DSEG14ModernMini-BoldItalic.woff */,
				3CF7C9531CAFA5980013EC10 /* DSEG14ModernMini-Italic.ttf */,
				3CF7C9541CAFA5980013EC10 /* DSEG14ModernMini-Italic.woff */,
				3CF7C9551CAFA5980013EC10 /* DSEG14ModernMini-Light.ttf */,
				3CF7C9561CAFA5980013EC10 /* DSEG14ModernMini-Light.woff */,
				3CF7C9571CAFA5980013EC10 /* DSEG14ModernMini-LightItalic.ttf */,
				3CF7C9581CAFA5980013EC10 /* DSEG14ModernMini-LightItalic.woff */,
				3CF7C9591CAFA5980013EC10 /* DSEG14ModernMini-Regular.ttf */,
				3CF7C95A1CAFA5980013EC10 /* DSEG14ModernMini-Regular.woff */,
			);
			path = "Modern-MINI";
			sourceTree = "<group>";
		};
		3CF7CA031CB64BD40013EC10 /* Defaults */ = {
			isa = PBXGroup;
			children = (
				3CF7CA041CB64BD40013EC10 /* Default-568h@2x.png */,
				3CF7CA051CB64BD40013EC10 /* Default-667h@2x.png */,
				3CF7CA061CB64BD40013EC10 /* Default-736h@3x.png */,
			);
			name = Defaults;
			path = "../../LifeisTech!!/2016SpringCamp/2016SpringCamp/素材/2-中級素材/WordList素材/Defaults";
			sourceTree = "<group>";
		};
		422C245C8262A648A5FB17D4 /* Frameworks */ = {
			isa = PBXGroup;
			children = (
				214C6C38148DC2848864B0BC /* libPods-nit-formula14.a */,
			);
			name = Frameworks;
			sourceTree = "<group>";
		};
		D119BEC870A9F5BF1DFC2662 /* Pods */ = {
			isa = PBXGroup;
			children = (
				11E1ADBB874223651D451515 /* Pods-nit-formula14.debug.xcconfig */,
				8517729B926AAEC2723385CC /* Pods-nit-formula14.release.xcconfig */,
			);
			name = Pods;
			sourceTree = "<group>";
		};
/* End PBXGroup section */

/* Begin PBXNativeTarget section */
		3CF7C8B11CAFA3320013EC10 /* nit-formula14 */ = {
			isa = PBXNativeTarget;
			buildConfigurationList = 3CF7C8DA1CAFA3320013EC10 /* Build configuration list for PBXNativeTarget "nit-formula14" */;
			buildPhases = (
				87522EDF69022067F7FD5B39 /* Check Pods Manifest.lock */,
				3CF7C8AE1CAFA3320013EC10 /* Sources */,
				3CF7C8AF1CAFA3320013EC10 /* Frameworks */,
				3CF7C8B01CAFA3320013EC10 /* Resources */,
				18718FC9CE44B209EEFBF9EF /* Embed Pods Frameworks */,
				98DE2F967EA6CCD89E69DEA3 /* Copy Pods Resources */,
			);
			buildRules = (
			);
			dependencies = (
			);
			name = "nit-formula14";
			productName = "nit-formula14";
			productReference = 3CF7C8B21CAFA3320013EC10 /* nit-formula14.app */;
			productType = "com.apple.product-type.application";
		};
		3CF7C8C51CAFA3320013EC10 /* nit-formula14Tests */ = {
			isa = PBXNativeTarget;
			buildConfigurationList = 3CF7C8DD1CAFA3320013EC10 /* Build configuration list for PBXNativeTarget "nit-formula14Tests" */;
			buildPhases = (
				3CF7C8C21CAFA3320013EC10 /* Sources */,
				3CF7C8C31CAFA3320013EC10 /* Frameworks */,
				3CF7C8C41CAFA3320013EC10 /* Resources */,
			);
			buildRules = (
			);
			dependencies = (
				3CF7C8C81CAFA3320013EC10 /* PBXTargetDependency */,
			);
			name = "nit-formula14Tests";
			productName = "nit-formula14Tests";
			productReference = 3CF7C8C61CAFA3320013EC10 /* nit-formula14Tests.xctest */;
			productType = "com.apple.product-type.bundle.unit-test";
		};
		3CF7C8D01CAFA3320013EC10 /* nit-formula14UITests */ = {
			isa = PBXNativeTarget;
			buildConfigurationList = 3CF7C8E01CAFA3320013EC10 /* Build configuration list for PBXNativeTarget "nit-formula14UITests" */;
			buildPhases = (
				3CF7C8CD1CAFA3320013EC10 /* Sources */,
				3CF7C8CE1CAFA3320013EC10 /* Frameworks */,
				3CF7C8CF1CAFA3320013EC10 /* Resources */,
			);
			buildRules = (
			);
			dependencies = (
				3CF7C8D31CAFA3320013EC10 /* PBXTargetDependency */,
			);
			name = "nit-formula14UITests";
			productName = "nit-formula14UITests";
			productReference = 3CF7C8D11CAFA3320013EC10 /* nit-formula14UITests.xctest */;
			productType = "com.apple.product-type.bundle.ui-testing";
		};
/* End PBXNativeTarget section */

/* Begin PBXProject section */
		3CF7C8AA1CAFA3320013EC10 /* Project object */ = {
			isa = PBXProject;
			attributes = {
				LastSwiftUpdateCheck = 0730;
				LastUpgradeCheck = 0730;
				ORGANIZATIONNAME = Takarki;
				TargetAttributes = {
					3CF7C8B11CAFA3320013EC10 = {
						CreatedOnToolsVersion = 7.3;
						DevelopmentTeam = 7PPRG6W84P;
					};
					3CF7C8C51CAFA3320013EC10 = {
						CreatedOnToolsVersion = 7.3;
						TestTargetID = 3CF7C8B11CAFA3320013EC10;
					};
					3CF7C8D01CAFA3320013EC10 = {
						CreatedOnToolsVersion = 7.3;
						TestTargetID = 3CF7C8B11CAFA3320013EC10;
					};
				};
			};
			buildConfigurationList = 3CF7C8AD1CAFA3320013EC10 /* Build configuration list for PBXProject "nit-formula14" */;
			compatibilityVersion = "Xcode 3.2";
			developmentRegion = English;
			hasScannedForEncodings = 0;
			knownRegions = (
				en,
				Base,
			);
			mainGroup = 3CF7C8A91CAFA3320013EC10;
			productRefGroup = 3CF7C8B31CAFA3320013EC10 /* Products */;
			projectDirPath = "";
			projectRoot = "";
			targets = (
				3CF7C8B11CAFA3320013EC10 /* nit-formula14 */,
				3CF7C8C51CAFA3320013EC10 /* nit-formula14Tests */,
				3CF7C8D01CAFA3320013EC10 /* nit-formula14UITests */,
			);
		};
/* End PBXProject section */

/* Begin PBXResourcesBuildPhase section */
		3CF7C8B01CAFA3320013EC10 /* Resources */ = {
			isa = PBXResourcesBuildPhase;
			buildActionMask = 2147483647;
			files = (
				3CF7C9731CAFA5980013EC10 /* DSEG7ClassicMini-LightItalic.ttf in Resources */,
				3CF7C96D1CAFA5980013EC10 /* DSEG7ClassicMini-BoldItalic.ttf in Resources */,
				3CF7C9841CAFA5980013EC10 /* DSEG7ModernMini-Bold.woff in Resources */,
				3CF7C9A21CAFA5980013EC10 /* DSEG14ClassicMini-Light.woff in Resources */,
				3CF7C8EB1CAFA3D20013EC10 /* formula_inst_1yellowbar.png in Resources */,
				3CF7C9641CAFA5980013EC10 /* DSEG7Classic-Italic.woff in Resources */,
				3CF7C95D1CAFA5980013EC10 /* DSEG7SEGGCHANMINI-Regular.ttf in Resources */,
				3CF7C97F1CAFA5980013EC10 /* DSEG7Modern-LightItalic.ttf in Resources */,
				3CF7C9AF1CAFA5980013EC10 /* DSEG14Modern-LightItalic.ttf in Resources */,
				3CF7C9631CAFA5980013EC10 /* DSEG7Classic-Italic.ttf in Resources */,
				3CF7C9B41CAFA5980013EC10 /* DSEG14ModernMini-Bold.woff in Resources */,
				3CF7C9C11CAFACBC0013EC10 /* iPhone5_baseA.png in Resources */,
				3CF7C9B11CAFA5980013EC10 /* DSEG14Modern-Regular.ttf in Resources */,
				3CF7C9B71CAFA5980013EC10 /* DSEG14ModernMini-Italic.ttf in Resources */,
				3CF7C9BC1CAFA5980013EC10 /* DSEG14ModernMini-LightItalic.woff in Resources */,
				3CF7C9B91CAFA5980013EC10 /* DSEG14ModernMini-Light.ttf in Resources */,
				3CF7C9A51CAFA5980013EC10 /* DSEG14ClassicMini-Regular.ttf in Resources */,
				3CF7C9AD1CAFA5980013EC10 /* DSEG14Modern-Light.ttf in Resources */,
				3CF7C9BD1CAFA5980013EC10 /* DSEG14ModernMini-Regular.ttf in Resources */,
				3CF7C9601CAFA5980013EC10 /* DSEG7Classic-Bold.woff in Resources */,
				3CF7C9781CAFA5980013EC10 /* DSEG7Modern-Bold.woff in Resources */,
				3CF7C99F1CAFA5980013EC10 /* DSEG14ClassicMini-Italic.ttf in Resources */,
				3CF7C98D1CAFA5980013EC10 /* DSEG7ModernMini-Regular.ttf in Resources */,
				3CF7CA071CB64BD40013EC10 /* Default-568h@2x.png in Resources */,
				3CF7C96A1CAFA5980013EC10 /* DSEG7Classic-Regular.woff in Resources */,
				3CF7CA081CB64BD40013EC10 /* Default-667h@2x.png in Resources */,
				3CF7C96C1CAFA5980013EC10 /* DSEG7ClassicMini-Bold.woff in Resources */,
				3C0AB8671D2CD69600D15758 /* nit14-pitButton.png in Resources */,
				3C0AB8651D2CD68D00D15758 /* nit14-driveButton.png in Resources */,
				3CF7CA091CB64BD40013EC10 /* Default-736h@3x.png in Resources */,
				3CF7C9891CAFA5980013EC10 /* DSEG7ModernMini-Light.ttf in Resources */,
				3CF7C8E81CAFA3D20013EC10 /* formula_inst_1.png in Resources */,
				3CF7C9A01CAFA5980013EC10 /* DSEG14ClassicMini-Italic.woff in Resources */,
				3CF7C95F1CAFA5980013EC10 /* DSEG7Classic-Bold.ttf in Resources */,
				3CF7C9B01CAFA5980013EC10 /* DSEG14Modern-LightItalic.woff in Resources */,
				3CF7C9681CAFA5980013EC10 /* DSEG7Classic-LightItalic.woff in Resources */,
				3CF7C9831CAFA5980013EC10 /* DSEG7ModernMini-Bold.ttf in Resources */,
				3CF7C9AA1CAFA5980013EC10 /* DSEG14Modern-BoldItalic.woff in Resources */,
				3CF7C9BA1CAFA5980013EC10 /* DSEG14ModernMini-Light.woff in Resources */,
				3CF7C96E1CAFA5980013EC10 /* DSEG7ClassicMini-BoldItalic.woff in Resources */,
				3CF7C8C01CAFA3320013EC10 /* LaunchScreen.storyboard in Resources */,
				3CF7C9B31CAFA5980013EC10 /* DSEG14ModernMini-Bold.ttf in Resources */,
				3CF7C9A81CAFA5980013EC10 /* DSEG14Modern-Bold.woff in Resources */,
				3CF7C9A71CAFA5980013EC10 /* DSEG14Modern-Bold.ttf in Resources */,
				3CF7C98E1CAFA5980013EC10 /* DSEG7ModernMini-Regular.woff in Resources */,
				3CF7C97D1CAFA5980013EC10 /* DSEG7Modern-Light.ttf in Resources */,
				3CF7C9B81CAFA5980013EC10 /* DSEG14ModernMini-Italic.woff in Resources */,
				3CF7C97A1CAFA5980013EC10 /* DSEG7Modern-BoldItalic.woff in Resources */,
				3CF7C8EA1CAFA3D20013EC10 /* formula_inst_1redbar.png in Resources */,
				3CF7C9951CAFA5980013EC10 /* DSEG14Classic-Light.ttf in Resources */,
				3CF7C9621CAFA5980013EC10 /* DSEG7Classic-BoldItalic.woff in Resources */,
				3CF7C9A91CAFA5980013EC10 /* DSEG14Modern-BoldItalic.ttf in Resources */,
				3CF7C99D1CAFA5980013EC10 /* DSEG14ClassicMini-BoldItalic.ttf in Resources */,
				3CF7C9901CAFA5980013EC10 /* DSEG14Classic-Bold.woff in Resources */,
				3C0AB8631D2CD0E100D15758 /* パイロンimage.png in Resources */,
				3CF7C9B21CAFA5980013EC10 /* DSEG14Modern-Regular.woff in Resources */,
				3CF7C9B51CAFA5980013EC10 /* DSEG14ModernMini-BoldItalic.ttf in Resources */,
				3CF7C9921CAFA5980013EC10 /* DSEG14Classic-BoldItalic.woff in Resources */,
				3CF7C9A61CAFA5980013EC10 /* DSEG14ClassicMini-Regular.woff in Resources */,
				3CF7C9961CAFA5980013EC10 /* DSEG14Classic-Light.woff in Resources */,
				3CF7C9A41CAFA5980013EC10 /* DSEG14ClassicMini-LightItalic.woff in Resources */,
				3CF7C97E1CAFA5980013EC10 /* DSEG7Modern-Light.woff in Resources */,
				3CF7C99E1CAFA5980013EC10 /* DSEG14ClassicMini-BoldItalic.woff in Resources */,
				3CF7C96B1CAFA5980013EC10 /* DSEG7ClassicMini-Bold.ttf in Resources */,
				3CF7C9821CAFA5980013EC10 /* DSEG7Modern-Regular.woff in Resources */,
				3CF7C9611CAFA5980013EC10 /* DSEG7Classic-BoldItalic.ttf in Resources */,
				3CF7C8E91CAFA3D20013EC10 /* formula_inst_1greenbar.png in Resources */,
				3CF7C9861CAFA5980013EC10 /* DSEG7ModernMini-BoldItalic.woff in Resources */,
				3CF7C9BE1CAFA5980013EC10 /* DSEG14ModernMini-Regular.woff in Resources */,
				3CF7C9931CAFA5980013EC10 /* DSEG14Classic-Italic.ttf in Resources */,
				3CF7C98C1CAFA5980013EC10 /* DSEG7ModernMini-LightItalic.woff in Resources */,
				3CF7C98A1CAFA5980013EC10 /* DSEG7ModernMini-Light.woff in Resources */,
				3CF7C9971CAFA5980013EC10 /* DSEG14Classic-LightItalic.ttf in Resources */,
				3CF7C9881CAFA5980013EC10 /* DSEG7ModernMini-Italic.woff in Resources */,
				3CF7C9A31CAFA5980013EC10 /* DSEG14ClassicMini-LightItalic.ttf in Resources */,
				3CF7C95E1CAFA5980013EC10 /* DSEG7SEGGCHANMINI-Regular.woff in Resources */,
				3CF7C9BB1CAFA5980013EC10 /* DSEG14ModernMini-LightItalic.ttf in Resources */,
				3CF7C9911CAFA5980013EC10 /* DSEG14Classic-BoldItalic.ttf in Resources */,
				3CF7C9741CAFA5980013EC10 /* DSEG7ClassicMini-LightItalic.woff in Resources */,
				3CF7C99B1CAFA5980013EC10 /* DSEG14ClassicMini-Bold.ttf in Resources */,
				3CF7C9B61CAFA5980013EC10 /* DSEG14ModernMini-BoldItalic.woff in Resources */,
				3CF7C95C1CAFA5980013EC10 /* DSEG7SEGGCHAN-Regular.woff in Resources */,
				3CF7C9801CAFA5980013EC10 /* DSEG7Modern-LightItalic.woff in Resources */,
				3CF7C9711CAFA5980013EC10 /* DSEG7ClassicMini-Light.ttf in Resources */,
				3CF7C99C1CAFA5980013EC10 /* DSEG14ClassicMini-Bold.woff in Resources */,
				3CF7C9871CAFA5980013EC10 /* DSEG7ModernMini-Italic.ttf in Resources */,
				3CF7C9C21CAFACBC0013EC10 /* iPhone5_baseB.png in Resources */,
				3CF7C8BD1CAFA3320013EC10 /* Assets.xcassets in Resources */,
				3CF7C9751CAFA5980013EC10 /* DSEG7ClassicMini-Regular.ttf in Resources */,
				3CF7C9AC1CAFA5980013EC10 /* DSEG14Modern-Italic.woff in Resources */,
				3CF7C98F1CAFA5980013EC10 /* DSEG14Classic-Bold.ttf in Resources */,
				3CF7C9771CAFA5980013EC10 /* DSEG7Modern-Bold.ttf in Resources */,
				3CF7C9661CAFA5980013EC10 /* DSEG7Classic-Light.woff in Resources */,
				3CF7C9721CAFA5980013EC10 /* DSEG7ClassicMini-Light.woff in Resources */,
				3CF7C9761CAFA5980013EC10 /* DSEG7ClassicMini-Regular.woff in Resources */,
				3CF7C9851CAFA5980013EC10 /* DSEG7ModernMini-BoldItalic.ttf in Resources */,
				3CF7C9811CAFA5980013EC10 /* DSEG7Modern-Regular.ttf in Resources */,
				3CF7C9651CAFA5980013EC10 /* DSEG7Classic-Light.ttf in Resources */,
				3CF7C9A11CAFA5980013EC10 /* DSEG14ClassicMini-Light.ttf in Resources */,
				3CF7C96F1CAFA5980013EC10 /* DSEG7ClassicMini-Italic.ttf in Resources */,
				3CF7C9701CAFA5980013EC10 /* DSEG7ClassicMini-Italic.woff in Resources */,
				3CF7C9791CAFA5980013EC10 /* DSEG7Modern-BoldItalic.ttf in Resources */,
				3CF7C9941CAFA5980013EC10 /* DSEG14Classic-Italic.woff in Resources */,
				3CF7C95B1CAFA5980013EC10 /* DSEG7SEGGCHAN-Regular.ttf in Resources */,
				3CF7C9991CAFA5980013EC10 /* DSEG14Classic-Regular.ttf in Resources */,
				3CF7C9AE1CAFA5980013EC10 /* DSEG14Modern-Light.woff in Resources */,
				3CF7C98B1CAFA5980013EC10 /* DSEG7ModernMini-LightItalic.ttf in Resources */,
				3CF7C99A1CAFA5980013EC10 /* DSEG14Classic-Regular.woff in Resources */,
				3CF7C97C1CAFA5980013EC10 /* DSEG7Modern-Italic.woff in Resources */,
				3CF7C97B1CAFA5980013EC10 /* DSEG7Modern-Italic.ttf in Resources */,
				3CF7C9AB1CAFA5980013EC10 /* DSEG14Modern-Italic.ttf in Resources */,
				3CF7C8BB1CAFA3320013EC10 /* Main.storyboard in Resources */,
				3CF7C9981CAFA5980013EC10 /* DSEG14Classic-LightItalic.woff in Resources */,
				3CF7C9671CAFA5980013EC10 /* DSEG7Classic-LightItalic.ttf in Resources */,
				3CF7C9691CAFA5980013EC10 /* DSEG7Classic-Regular.ttf in Resources */,
			);
			runOnlyForDeploymentPostprocessing = 0;
		};
		3CF7C8C41CAFA3320013EC10 /* Resources */ = {
			isa = PBXResourcesBuildPhase;
			buildActionMask = 2147483647;
			files = (
			);
			runOnlyForDeploymentPostprocessing = 0;
		};
		3CF7C8CF1CAFA3320013EC10 /* Resources */ = {
			isa = PBXResourcesBuildPhase;
			buildActionMask = 2147483647;
			files = (
			);
			runOnlyForDeploymentPostprocessing = 0;
		};
/* End PBXResourcesBuildPhase section */

/* Begin PBXShellScriptBuildPhase section */
		18718FC9CE44B209EEFBF9EF /* Embed Pods Frameworks */ = {
			isa = PBXShellScriptBuildPhase;
			buildActionMask = 2147483647;
			files = (
			);
			inputPaths = (
			);
			name = "Embed Pods Frameworks";
			outputPaths = (
			);
			runOnlyForDeploymentPostprocessing = 0;
			shellPath = /bin/sh;
			shellScript = "\"${SRCROOT}/Pods/Target Support Files/Pods-nit-formula14/Pods-nit-formula14-frameworks.sh\"\n";
			showEnvVarsInLog = 0;
		};
		87522EDF69022067F7FD5B39 /* Check Pods Manifest.lock */ = {
			isa = PBXShellScriptBuildPhase;
			buildActionMask = 2147483647;
			files = (
			);
			inputPaths = (
			);
			name = "Check Pods Manifest.lock";
			outputPaths = (
			);
			runOnlyForDeploymentPostprocessing = 0;
			shellPath = /bin/sh;
			shellScript = "diff \"${PODS_ROOT}/../Podfile.lock\" \"${PODS_ROOT}/Manifest.lock\" > /dev/null\nif [[ $? != 0 ]] ; then\n    cat << EOM\nerror: The sandbox is not in sync with the Podfile.lock. Run 'pod install' or update your CocoaPods installation.\nEOM\n    exit 1\nfi\n";
			showEnvVarsInLog = 0;
		};
		98DE2F967EA6CCD89E69DEA3 /* Copy Pods Resources */ = {
			isa = PBXShellScriptBuildPhase;
			buildActionMask = 2147483647;
			files = (
			);
			inputPaths = (
			);
			name = "Copy Pods Resources";
			outputPaths = (
			);
			runOnlyForDeploymentPostprocessing = 0;
			shellPath = /bin/sh;
			shellScript = "\"${SRCROOT}/Pods/Target Support Files/Pods-nit-formula14/Pods-nit-formula14-resources.sh\"\n";
			showEnvVarsInLog = 0;
		};
/* End PBXShellScriptBuildPhase section */

/* Begin PBXSourcesBuildPhase section */
		3CF7C8AE1CAFA3320013EC10 /* Sources */ = {
			isa = PBXSourcesBuildPhase;
			buildActionMask = 2147483647;
			files = (
				3CF7C8B81CAFA3320013EC10 /* ViewController.swift in Sources */,
				3CF7C8B61CAFA3320013EC10 /* AppDelegate.swift in Sources */,
				3CC400C31D325062009EDAA1 /* PitViewController.swift in Sources */,
				3C0AB8691D2CD75400D15758 /* StartViewController.swift in Sources */,
			);
			runOnlyForDeploymentPostprocessing = 0;
		};
		3CF7C8C21CAFA3320013EC10 /* Sources */ = {
			isa = PBXSourcesBuildPhase;
			buildActionMask = 2147483647;
			files = (
				3CF7C8CB1CAFA3320013EC10 /* nit_formula14Tests.swift in Sources */,
			);
			runOnlyForDeploymentPostprocessing = 0;
		};
		3CF7C8CD1CAFA3320013EC10 /* Sources */ = {
			isa = PBXSourcesBuildPhase;
			buildActionMask = 2147483647;
			files = (
				3CF7C8D61CAFA3320013EC10 /* nit_formula14UITests.swift in Sources */,
			);
			runOnlyForDeploymentPostprocessing = 0;
		};
/* End PBXSourcesBuildPhase section */

/* Begin PBXTargetDependency section */
		3CF7C8C81CAFA3320013EC10 /* PBXTargetDependency */ = {
			isa = PBXTargetDependency;
			target = 3CF7C8B11CAFA3320013EC10 /* nit-formula14 */;
			targetProxy = 3CF7C8C71CAFA3320013EC10 /* PBXContainerItemProxy */;
		};
		3CF7C8D31CAFA3320013EC10 /* PBXTargetDependency */ = {
			isa = PBXTargetDependency;
			target = 3CF7C8B11CAFA3320013EC10 /* nit-formula14 */;
			targetProxy = 3CF7C8D21CAFA3320013EC10 /* PBXContainerItemProxy */;
		};
/* End PBXTargetDependency section */

/* Begin PBXVariantGroup section */
		3CF7C8B91CAFA3320013EC10 /* Main.storyboard */ = {
			isa = PBXVariantGroup;
			children = (
				3CF7C8BA1CAFA3320013EC10 /* Base */,
			);
			name = Main.storyboard;
			sourceTree = "<group>";
		};
		3CF7C8BE1CAFA3320013EC10 /* LaunchScreen.storyboard */ = {
			isa = PBXVariantGroup;
			children = (
				3CF7C8BF1CAFA3320013EC10 /* Base */,
			);
			name = LaunchScreen.storyboard;
			sourceTree = "<group>";
		};
/* End PBXVariantGroup section */

/* Begin XCBuildConfiguration section */
		3CF7C8D81CAFA3320013EC10 /* Debug */ = {
			isa = XCBuildConfiguration;
			buildSettings = {
				ALWAYS_SEARCH_USER_PATHS = NO;
				CLANG_ANALYZER_NONNULL = YES;
				CLANG_CXX_LANGUAGE_STANDARD = "gnu++0x";
				CLANG_CXX_LIBRARY = "libc++";
				CLANG_ENABLE_MODULES = YES;
				CLANG_ENABLE_OBJC_ARC = YES;
				CLANG_WARN_BOOL_CONVERSION = YES;
				CLANG_WARN_CONSTANT_CONVERSION = YES;
				CLANG_WARN_DIRECT_OBJC_ISA_USAGE = YES_ERROR;
				CLANG_WARN_EMPTY_BODY = YES;
				CLANG_WARN_ENUM_CONVERSION = YES;
				CLANG_WARN_INT_CONVERSION = YES;
				CLANG_WARN_OBJC_ROOT_CLASS = YES_ERROR;
				CLANG_WARN_UNREACHABLE_CODE = YES;
				CLANG_WARN__DUPLICATE_METHOD_MATCH = YES;
				"CODE_SIGN_IDENTITY[sdk=iphoneos*]" = "iPhone Developer";
				COPY_PHASE_STRIP = NO;
				DEBUG_INFORMATION_FORMAT = dwarf;
				ENABLE_STRICT_OBJC_MSGSEND = YES;
				ENABLE_TESTABILITY = YES;
				GCC_C_LANGUAGE_STANDARD = gnu99;
				GCC_DYNAMIC_NO_PIC = NO;
				GCC_NO_COMMON_BLOCKS = YES;
				GCC_OPTIMIZATION_LEVEL = 0;
				GCC_PREPROCESSOR_DEFINITIONS = (
					"DEBUG=1",
					"$(inherited)",
				);
				GCC_WARN_64_TO_32_BIT_CONVERSION = YES;
				GCC_WARN_ABOUT_RETURN_TYPE = YES_ERROR;
				GCC_WARN_UNDECLARED_SELECTOR = YES;
				GCC_WARN_UNINITIALIZED_AUTOS = YES_AGGRESSIVE;
				GCC_WARN_UNUSED_FUNCTION = YES;
				GCC_WARN_UNUSED_VARIABLE = YES;
				IPHONEOS_DEPLOYMENT_TARGET = 9.3;
				MTL_ENABLE_DEBUG_INFO = YES;
				ONLY_ACTIVE_ARCH = YES;
				SDKROOT = iphoneos;
				SWIFT_OPTIMIZATION_LEVEL = "-Onone";
			};
			name = Debug;
		};
		3CF7C8D91CAFA3320013EC10 /* Release */ = {
			isa = XCBuildConfiguration;
			buildSettings = {
				ALWAYS_SEARCH_USER_PATHS = NO;
				CLANG_ANALYZER_NONNULL = YES;
				CLANG_CXX_LANGUAGE_STANDARD = "gnu++0x";
				CLANG_CXX_LIBRARY = "libc++";
				CLANG_ENABLE_MODULES = YES;
				CLANG_ENABLE_OBJC_ARC = YES;
				CLANG_WARN_BOOL_CONVERSION = YES;
				CLANG_WARN_CONSTANT_CONVERSION = YES;
				CLANG_WARN_DIRECT_OBJC_ISA_USAGE = YES_ERROR;
				CLANG_WARN_EMPTY_BODY = YES;
				CLANG_WARN_ENUM_CONVERSION = YES;
				CLANG_WARN_INT_CONVERSION = YES;
				CLANG_WARN_OBJC_ROOT_CLASS = YES_ERROR;
				CLANG_WARN_UNREACHABLE_CODE = YES;
				CLANG_WARN__DUPLICATE_METHOD_MATCH = YES;
				"CODE_SIGN_IDENTITY[sdk=iphoneos*]" = "iPhone Developer";
				COPY_PHASE_STRIP = NO;
				DEBUG_INFORMATION_FORMAT = "dwarf-with-dsym";
				ENABLE_NS_ASSERTIONS = NO;
				ENABLE_STRICT_OBJC_MSGSEND = YES;
				GCC_C_LANGUAGE_STANDARD = gnu99;
				GCC_NO_COMMON_BLOCKS = YES;
				GCC_WARN_64_TO_32_BIT_CONVERSION = YES;
				GCC_WARN_ABOUT_RETURN_TYPE = YES_ERROR;
				GCC_WARN_UNDECLARED_SELECTOR = YES;
				GCC_WARN_UNINITIALIZED_AUTOS = YES_AGGRESSIVE;
				GCC_WARN_UNUSED_FUNCTION = YES;
				GCC_WARN_UNUSED_VARIABLE = YES;
				IPHONEOS_DEPLOYMENT_TARGET = 9.3;
				MTL_ENABLE_DEBUG_INFO = NO;
				SDKROOT = iphoneos;
				VALIDATE_PRODUCT = YES;
			};
			name = Release;
		};
		3CF7C8DB1CAFA3320013EC10 /* Debug */ = {
			isa = XCBuildConfiguration;
			baseConfigurationReference = 11E1ADBB874223651D451515 /* Pods-nit-formula14.debug.xcconfig */;
			buildSettings = {
				ASSETCATALOG_COMPILER_APPICON_NAME = AppIcon;
				CODE_SIGN_IDENTITY = "iPhone Developer";
				INFOPLIST_FILE = "nit-formula14/Info.plist";
				IPHONEOS_DEPLOYMENT_TARGET = 9.2;
				LD_RUNPATH_SEARCH_PATHS = "$(inherited) @executable_path/Frameworks";
				PRODUCT_BUNDLE_IDENTIFIER = "Practice.nit-formula14";
				PRODUCT_NAME = "$(TARGET_NAME)";
			};
			name = Debug;
		};
		3CF7C8DC1CAFA3320013EC10 /* Release */ = {
			isa = XCBuildConfiguration;
			baseConfigurationReference = 8517729B926AAEC2723385CC /* Pods-nit-formula14.release.xcconfig */;
			buildSettings = {
				ASSETCATALOG_COMPILER_APPICON_NAME = AppIcon;
				CODE_SIGN_IDENTITY = "iPhone Developer";
				INFOPLIST_FILE = "nit-formula14/Info.plist";
				IPHONEOS_DEPLOYMENT_TARGET = 9.2;
				LD_RUNPATH_SEARCH_PATHS = "$(inherited) @executable_path/Frameworks";
				PRODUCT_BUNDLE_IDENTIFIER = "Practice.nit-formula14";
				PRODUCT_NAME = "$(TARGET_NAME)";
			};
			name = Release;
		};
		3CF7C8DE1CAFA3320013EC10 /* Debug */ = {
			isa = XCBuildConfiguration;
			buildSettings = {
				BUNDLE_LOADER = "$(TEST_HOST)";
				INFOPLIST_FILE = "nit-formula14Tests/Info.plist";
				LD_RUNPATH_SEARCH_PATHS = "$(inherited) @executable_path/Frameworks @loader_path/Frameworks";
				PRODUCT_BUNDLE_IDENTIFIER = "Practice.nit-formula14Tests";
				PRODUCT_NAME = "$(TARGET_NAME)";
				TEST_HOST = "$(BUILT_PRODUCTS_DIR)/nit-formula14.app/nit-formula14";
			};
			name = Debug;
		};
		3CF7C8DF1CAFA3320013EC10 /* Release */ = {
			isa = XCBuildConfiguration;
			buildSettings = {
				BUNDLE_LOADER = "$(TEST_HOST)";
				INFOPLIST_FILE = "nit-formula14Tests/Info.plist";
				LD_RUNPATH_SEARCH_PATHS = "$(inherited) @executable_path/Frameworks @loader_path/Frameworks";
				PRODUCT_BUNDLE_IDENTIFIER = "Practice.nit-formula14Tests";
				PRODUCT_NAME = "$(TARGET_NAME)";
				TEST_HOST = "$(BUILT_PRODUCTS_DIR)/nit-formula14.app/nit-formula14";
			};
			name = Release;
		};
		3CF7C8E11CAFA3320013EC10 /* Debug */ = {
			isa = XCBuildConfiguration;
			buildSettings = {
				INFOPLIST_FILE = "nit-formula14UITests/Info.plist";
				LD_RUNPATH_SEARCH_PATHS = "$(inherited) @executable_path/Frameworks @loader_path/Frameworks";
				PRODUCT_BUNDLE_IDENTIFIER = "Practice.nit-formula14UITests";
				PRODUCT_NAME = "$(TARGET_NAME)";
				TEST_TARGET_NAME = "nit-formula14";
			};
			name = Debug;
		};
		3CF7C8E21CAFA3320013EC10 /* Release */ = {
			isa = XCBuildConfiguration;
			buildSettings = {
				INFOPLIST_FILE = "nit-formula14UITests/Info.plist";
				LD_RUNPATH_SEARCH_PATHS = "$(inherited) @executable_path/Frameworks @loader_path/Frameworks";
				PRODUCT_BUNDLE_IDENTIFIER = "Practice.nit-formula14UITests";
				PRODUCT_NAME = "$(TARGET_NAME)";
				TEST_TARGET_NAME = "nit-formula14";
			};
			name = Release;
		};
/* End XCBuildConfiguration section */

/* Begin XCConfigurationList section */
		3CF7C8AD1CAFA3320013EC10 /* Build configuration list for PBXProject "nit-formula14" */ = {
			isa = XCConfigurationList;
			buildConfigurations = (
				3CF7C8D81CAFA3320013EC10 /* Debug */,
				3CF7C8D91CAFA3320013EC10 /* Release */,
			);
			defaultConfigurationIsVisible = 0;
			defaultConfigurationName = Release;
		};
		3CF7C8DA1CAFA3320013EC10 /* Build configuration list for PBXNativeTarget "nit-formula14" */ = {
			isa = XCConfigurationList;
			buildConfigurations = (
				3CF7C8DB1CAFA3320013EC10 /* Debug */,
				3CF7C8DC1CAFA3320013EC10 /* Release */,
			);
			defaultConfigurationIsVisible = 0;
			defaultConfigurationName = Release;
		};
		3CF7C8DD1CAFA3320013EC10 /* Build configuration list for PBXNativeTarget "nit-formula14Tests" */ = {
			isa = XCConfigurationList;
			buildConfigurations = (
				3CF7C8DE1CAFA3320013EC10 /* Debug */,
				3CF7C8DF1CAFA3320013EC10 /* Release */,
			);
			defaultConfigurationIsVisible = 0;
			defaultConfigurationName = Release;
		};
		3CF7C8E01CAFA3320013EC10 /* Build configuration list for PBXNativeTarget "nit-formula14UITests" */ = {
			isa = XCConfigurationList;
			buildConfigurations = (
				3CF7C8E11CAFA3320013EC10 /* Debug */,
				3CF7C8E21CAFA3320013EC10 /* Release */,
			);
			defaultConfigurationIsVisible = 0;
			defaultConfigurationName = Release;
		};
/* End XCConfigurationList section */
	};
	rootObject = 3CF7C8AA1CAFA3320013EC10 /* Project object */;
}
